{
  "pins" : [
    {
      "identity" : "grdb.swift",
      "kind" : "remoteSourceControl",
      "location" : "https://github.com/groue/GRDB.swift",
      "state" : {
        "revision" : "bd9aea303d9dab3a4941ee838a0e4ff51c9448df",
        "version" : "6.25.0"
      }
    },
    {
      "identity" : "grdbquery",
      "kind" : "remoteSourceControl",
      "location" : "https://github.com/groue/GRDBQuery",
      "state" : {
        "revision" : "42fef11503d221229ec39201c08316b6930755b2",
        "version" : "0.8.0"
      }
    },
    {
      "identity" : "harmony",
      "kind" : "remoteSourceControl",
      "location" : "https://github.com/aaronpearce/Harmony",
      "state" : {
        "branch" : "main",
        "revision" : "855c64a92f541a53a3ee7aed5df23194e2b6d6db"
      }
    },
    {
      "identity" : "jayson",
      "kind" : "remoteSourceControl",
      "location" : "https://github.com/muukii/JAYSON",
      "state" : {
        "revision" : "59e9a669b0d18a6536f3592a22a6d08538a718ec",
        "version" : "2.5.0"
      }
    },
    {
      "identity" : "nuke",
      "kind" : "remoteSourceControl",
      "location" : "https://github.com/kean/Nuke",
      "state" : {
        "revision" : "8ecbfc886da39bccb01c34abef5f2ff4073ad633",
        "version" : "12.4.0"
      }
    },
    {
      "identity" : "swift-collections",
      "kind" : "remoteSourceControl",
      "location" : "https://github.com/apple/swift-collections.git",
      "state" : {
        "revision" : "94cf62b3ba8d4bed62680a282d4c25f9c63c2efb",
        "version" : "1.1.0"
      }
    },
    {
      "identity" : "swiftsoup",
      "kind" : "remoteSourceControl",
      "location" : "https://github.com/scinfu/SwiftSoup.git",
      "state" : {
        "branch" : "master",
        "revision" : "028487d4a8a291b2fe1b4392b5425b6172056148"
      }
    },
    {
      "identity" : "swiftuilayouts",
      "kind" : "remoteSourceControl",
      "location" : "https://github.com/apptekstudios/SwiftUILayouts",
      "state" : {
        "branch" : "main",
        "revision" : "de1da15d1afee3b41dc628b22a4cfef381d3986f"
      }
    },
    {
      "identity" : "swiftuix",
      "kind" : "remoteSourceControl",
      "location" : "https://github.com/SwiftUIX/SwiftUIX.git",
      "state" : {
        "branch" : "master",
        "revision" : "95e399ac149577d6996a7c62c90282d06373a3b7"
      }
    }
  ],
  "version" : 2
}
