{
  "pins" : [
    {
      "identity" : "grdb.swift",
      "kind" : "remoteSourceControl",
      "location" : "https://github.com/groue/GRDB.swift.git",
      "state" : {
        "revision" : "15c06e037430c8a2dc570f9199dd7bf8caa21195",
        "version" : "5.22.2"
      }
    },
    {
      "identity" : "grdbquery",
      "kind" : "remoteSourceControl",
      "location" : "https://github.com/groue/GRDBQuery.git",
      "state" : {
        "revision" : "4301166cd2aee9ce37b4057c9a58f5cc3bbeae06",
        "version" : "0.1.0"
      }
    },
    {
      "identity" : "imagescrollview",
      "kind" : "remoteSourceControl",
      "location" : "https://github.com/huynguyencong/ImageScrollView.git",
      "state" : {
        "branch" : "master",
        "revision" : "3b5bf7e1bf719facb736e43bda9403c0c661fae6"
      }
    },
    {
      "identity" : "mangascraper",
      "kind" : "remoteSourceControl",
      "location" : "https://github.com/AzSiAz/MangaScraper",
      "state" : {
        "branch" : "main",
        "revision" : "d06af96ee21db3b5378a3c2e0b08e9949d7590f6"
      }
    },
    {
      "identity" : "nuke",
      "kind" : "remoteSourceControl",
      "location" : "https://github.com/kean/Nuke",
      "state" : {
        "branch" : "master",
        "revision" : "04953e2cde7022574fda9e91d7cbe9232259bc15"
      }
    },
    {
      "identity" : "sfsafesymbols",
      "kind" : "remoteSourceControl",
      "location" : "https://github.com/piknotech/SFSafeSymbols.git",
      "state" : {
        "revision" : "c61de7a6e9eb1520d32316b06d5932accd974e70",
        "version" : "2.1.3"
      }
    },
    {
      "identity" : "swiftclient",
      "kind" : "remoteSourceControl",
      "location" : "https://github.com/TelemetryDeck/SwiftClient",
      "state" : {
        "revision" : "fb518b5acb02aa6ca41be7018bb1619aaef3dc13",
        "version" : "1.1.6"
      }
    },
    {
      "identity" : "swiftsoup",
      "kind" : "remoteSourceControl",
      "location" : "https://github.com/scinfu/SwiftSoup.git",
      "state" : {
        "branch" : "master",
        "revision" : "13ba661fd1146967270fca92ce8195b223631436"
      }
    },
    {
      "identity" : "swiftuix",
      "kind" : "remoteSourceControl",
      "location" : "https://github.com/SwiftUIX/SwiftUIX.git",
      "state" : {
        "branch" : "master",
        "revision" : "9b2358f116461c4b1aa451fb5fb1921e5616fea0"
      }
    },
    {
      "identity" : "swiftyjson",
      "kind" : "remoteSourceControl",
      "location" : "https://github.com/SwiftyJSON/SwiftyJSON.git",
      "state" : {
        "branch" : "master",
        "revision" : "b3dcd7dbd0d488e1a7077cb33b00f2083e382f07"
      }
    },
    {
      "identity" : "zoomableimageview",
      "kind" : "remoteSourceControl",
      "location" : "https://github.com/rushairer/ZoomableImageView.git",
      "state" : {
        "revision" : "4544906abfa6891b9a536ed467947f7d926e4da3",
        "version" : "1.0.2"
      }
    }
  ],
  "version" : 2
}
