// !$*UTF8*$!
{
	archiveVersion = 1;
	classes = {
	};
	objectVersion = 55;
	objects = {

/* Begin PBXBuildFile section */
		E20837B426E3BF2000E6DCEE /* README.md in Resources */ = {isa = PBXBuildFile; fileRef = E20837B226E3BF2000E6DCEE /* README.md */; };
		E20837B526E3BF2000E6DCEE /* LICENSE in Resources */ = {isa = PBXBuildFile; fileRef = E20837B326E3BF2000E6DCEE /* LICENSE */; };
		E2187E8E26CC5850009604A9 /* Preview Assets.xcassets in Resources */ = {isa = PBXBuildFile; fileRef = E2187E8D26CC5850009604A9 /* Preview Assets.xcassets */; };
		E2187EAE26CC5E7D009604A9 /* RootView.swift in Sources */ = {isa = PBXBuildFile; fileRef = E2187EAD26CC5E7D009604A9 /* RootView.swift */; };
		E2474CA0284E5C5F0090E032 /* DynamicCollection in Frameworks */ = {isa = PBXBuildFile; productRef = E2474C9F284E5C5F0090E032 /* DynamicCollection */; };
		E2474CA2284E62820090E032 /* LibraryTab in Frameworks */ = {isa = PBXBuildFile; productRef = E2474CA1284E62820090E032 /* LibraryTab */; };
		E2474CA4284E64080090E032 /* ExploreTab in Frameworks */ = {isa = PBXBuildFile; productRef = E2474CA3284E64080090E032 /* ExploreTab */; };
		E24804C42846D2E80017F4E2 /* MangaScraper in Frameworks */ = {isa = PBXBuildFile; productRef = E24804C32846D2E80017F4E2 /* MangaScraper */; };
		E25B0C83282BC4360080A71A /* DataKit in Frameworks */ = {isa = PBXBuildFile; productRef = E25B0C82282BC4360080A71A /* DataKit */; };
		E25E46C9284B68FE004C594C /* SettingsTab in Frameworks */ = {isa = PBXBuildFile; productRef = E25E46C8284B68FE004C594C /* SettingsTab */; };
		E25E46CB284B697C004C594C /* HistoryTab in Frameworks */ = {isa = PBXBuildFile; productRef = E25E46CA284B697C004C594C /* HistoryTab */; };
		E26662BA26CC36830054868A /* DokushoApp.swift in Sources */ = {isa = PBXBuildFile; fileRef = E26662B926CC36830054868A /* DokushoApp.swift */; };
		E26662D126CC58160054868A /* Assets.xcassets in Resources */ = {isa = PBXBuildFile; fileRef = E26662D026CC58160054868A /* Assets.xcassets */; };
		E270C0D8282BDEFE00E3093E /* Common in Frameworks */ = {isa = PBXBuildFile; productRef = E270C0D7282BDEFE00E3093E /* Common */; };
		E270C0DA282BDF1300E3093E /* Reader in Frameworks */ = {isa = PBXBuildFile; productRef = E270C0D9282BDF1300E3093E /* Reader */; };
		E270C0E1282C471400E3093E /* SharedUI in Frameworks */ = {isa = PBXBuildFile; productRef = E270C0E0282C471400E3093E /* SharedUI */; };
		E29D727C283FBE2D0052EBED /* MangaDetail in Frameworks */ = {isa = PBXBuildFile; productRef = E29D727B283FBE2D0052EBED /* MangaDetail */; };
/* End PBXBuildFile section */

/* Begin PBXCopyFilesBuildPhase section */
		E203415F270C4F9F00990F80 /* Embed Foundation Extensions */ = {
			isa = PBXCopyFilesBuildPhase;
			buildActionMask = 2147483647;
			dstPath = "";
			dstSubfolderSpec = 13;
			files = (
			);
			name = "Embed Foundation Extensions";
			runOnlyForDeploymentPostprocessing = 0;
		};
/* End PBXCopyFilesBuildPhase section */

/* Begin PBXFileReference section */
		E203414E270C4F9E00990F80 /* WidgetKit.framework */ = {isa = PBXFileReference; lastKnownFileType = wrapper.framework; name = WidgetKit.framework; path = System/Library/Frameworks/WidgetKit.framework; sourceTree = SDKROOT; };
		E2034150270C4F9E00990F80 /* SwiftUI.framework */ = {isa = PBXFileReference; lastKnownFileType = wrapper.framework; name = SwiftUI.framework; path = System/Library/Frameworks/SwiftUI.framework; sourceTree = SDKROOT; };
		E20837B226E3BF2000E6DCEE /* README.md */ = {isa = PBXFileReference; fileEncoding = 4; lastKnownFileType = net.daringfireball.markdown; path = README.md; sourceTree = "<group>"; };
		E20837B326E3BF2000E6DCEE /* LICENSE */ = {isa = PBXFileReference; fileEncoding = 4; lastKnownFileType = text; path = LICENSE; sourceTree = "<group>"; };
		E2187E8D26CC5850009604A9 /* Preview Assets.xcassets */ = {isa = PBXFileReference; lastKnownFileType = folder.assetcatalog; path = "Preview Assets.xcassets"; sourceTree = "<group>"; };
		E2187EAD26CC5E7D009604A9 /* RootView.swift */ = {isa = PBXFileReference; fileEncoding = 4; lastKnownFileType = sourcecode.swift; path = RootView.swift; sourceTree = "<group>"; };
		E2187ED726CC69C4009604A9 /* Info.plist */ = {isa = PBXFileReference; lastKnownFileType = text.plist; path = Info.plist; sourceTree = "<group>"; };
		E25B0C81282BB7D00080A71A /* Features */ = {isa = PBXFileReference; lastKnownFileType = wrapper; path = Features; sourceTree = "<group>"; };
		E26662B626CC36830054868A /* Dokusho.app */ = {isa = PBXFileReference; explicitFileType = wrapper.application; includeInIndex = 0; path = Dokusho.app; sourceTree = BUILT_PRODUCTS_DIR; };
		E26662B926CC36830054868A /* DokushoApp.swift */ = {isa = PBXFileReference; lastKnownFileType = sourcecode.swift; path = DokushoApp.swift; sourceTree = "<group>"; };
		E26662CF26CC57800054868A /* Dokusho.entitlements */ = {isa = PBXFileReference; lastKnownFileType = text.plist.entitlements; path = Dokusho.entitlements; sourceTree = "<group>"; };
		E26662D026CC58160054868A /* Assets.xcassets */ = {isa = PBXFileReference; lastKnownFileType = folder.assetcatalog; path = Assets.xcassets; sourceTree = "<group>"; };
		E2BD651326F22AE200BE5CD7 /* CloudKit.framework */ = {isa = PBXFileReference; lastKnownFileType = wrapper.framework; name = CloudKit.framework; path = System/Library/Frameworks/CloudKit.framework; sourceTree = SDKROOT; };
		E2C24EF0270CC15200A7D6C5 /* Intents.framework */ = {isa = PBXFileReference; lastKnownFileType = wrapper.framework; name = Intents.framework; path = System/Library/Frameworks/Intents.framework; sourceTree = SDKROOT; };
/* End PBXFileReference section */

/* Begin PBXFrameworksBuildPhase section */
		E26662B326CC36830054868A /* Frameworks */ = {
			isa = PBXFrameworksBuildPhase;
			buildActionMask = 2147483647;
			files = (
				E2474CA4284E64080090E032 /* ExploreTab in Frameworks */,
				E24804C42846D2E80017F4E2 /* MangaScraper in Frameworks */,
				E29D727C283FBE2D0052EBED /* MangaDetail in Frameworks */,
				E2474CA0284E5C5F0090E032 /* DynamicCollection in Frameworks */,
				E25E46C9284B68FE004C594C /* SettingsTab in Frameworks */,
				E270C0E1282C471400E3093E /* SharedUI in Frameworks */,
				E25B0C83282BC4360080A71A /* DataKit in Frameworks */,
				E270C0D8282BDEFE00E3093E /* Common in Frameworks */,
				E270C0DA282BDF1300E3093E /* Reader in Frameworks */,
				E25E46CB284B697C004C594C /* HistoryTab in Frameworks */,
				E2474CA2284E62820090E032 /* LibraryTab in Frameworks */,
			);
			runOnlyForDeploymentPostprocessing = 0;
		};
/* End PBXFrameworksBuildPhase section */

/* Begin PBXGroup section */
		E2187E8C26CC5850009604A9 /* Preview Content */ = {
			isa = PBXGroup;
			children = (
				E2187E8D26CC5850009604A9 /* Preview Assets.xcassets */,
			);
			path = "Preview Content";
			sourceTree = "<group>";
		};
		E2187EAF26CC5EA1009604A9 /* Frameworks */ = {
			isa = PBXGroup;
			children = (
				E2BD651326F22AE200BE5CD7 /* CloudKit.framework */,
				E203414E270C4F9E00990F80 /* WidgetKit.framework */,
				E2034150270C4F9E00990F80 /* SwiftUI.framework */,
				E2C24EF0270CC15200A7D6C5 /* Intents.framework */,
			);
			name = Frameworks;
			sourceTree = "<group>";
		};
		E26662AD26CC36830054868A = {
			isa = PBXGroup;
			children = (
				E25B0C81282BB7D00080A71A /* Features */,
				E2187E8C26CC5850009604A9 /* Preview Content */,
				E26662B826CC36830054868A /* Dokusho */,
				E26662B726CC36830054868A /* Products */,
				E2187EAF26CC5EA1009604A9 /* Frameworks */,
				E20837B326E3BF2000E6DCEE /* LICENSE */,
				E20837B226E3BF2000E6DCEE /* README.md */,
			);
			sourceTree = "<group>";
		};
		E26662B726CC36830054868A /* Products */ = {
			isa = PBXGroup;
			children = (
				E26662B626CC36830054868A /* Dokusho.app */,
			);
			name = Products;
			sourceTree = "<group>";
		};
		E26662B826CC36830054868A /* Dokusho */ = {
			isa = PBXGroup;
			children = (
				E26662D026CC58160054868A /* Assets.xcassets */,
				E2187ED726CC69C4009604A9 /* Info.plist */,
				E26662CF26CC57800054868A /* Dokusho.entitlements */,
				E2187EAD26CC5E7D009604A9 /* RootView.swift */,
				E26662B926CC36830054868A /* DokushoApp.swift */,
			);
			path = Dokusho;
			sourceTree = "<group>";
		};
/* End PBXGroup section */

/* Begin PBXNativeTarget section */
		E26662B526CC36830054868A /* Dokusho */ = {
			isa = PBXNativeTarget;
			buildConfigurationList = E26662C926CC36840054868A /* Build configuration list for PBXNativeTarget "Dokusho" */;
			buildPhases = (
				E26662B226CC36830054868A /* Sources */,
				E26662B326CC36830054868A /* Frameworks */,
				E26662B426CC36830054868A /* Resources */,
				E203415F270C4F9F00990F80 /* Embed Foundation Extensions */,
			);
			buildRules = (
			);
			dependencies = (
			);
			name = Dokusho;
			packageProductDependencies = (
				E25B0C82282BC4360080A71A /* DataKit */,
				E270C0D7282BDEFE00E3093E /* Common */,
				E270C0D9282BDF1300E3093E /* Reader */,
				E270C0E0282C471400E3093E /* SharedUI */,
				E29D727B283FBE2D0052EBED /* MangaDetail */,
				E24804C32846D2E80017F4E2 /* MangaScraper */,
				E25E46C8284B68FE004C594C /* SettingsTab */,
				E25E46CA284B697C004C594C /* HistoryTab */,
				E2474C9F284E5C5F0090E032 /* DynamicCollection */,
				E2474CA1284E62820090E032 /* LibraryTab */,
				E2474CA3284E64080090E032 /* ExploreTab */,
			);
			productName = Dokusho;
			productReference = E26662B626CC36830054868A /* Dokusho.app */;
			productType = "com.apple.product-type.application";
		};
/* End PBXNativeTarget section */

/* Begin PBXProject section */
		E26662AE26CC36830054868A /* Project object */ = {
			isa = PBXProject;
			attributes = {
				BuildIndependentTargetsInParallel = 1;
				LastSwiftUpdateCheck = 1300;
				LastUpgradeCheck = 1400;
				TargetAttributes = {
					E26662B526CC36830054868A = {
						CreatedOnToolsVersion = 13.0;
					};
				};
			};
			buildConfigurationList = E26662B126CC36830054868A /* Build configuration list for PBXProject "Dokusho" */;
			compatibilityVersion = "Xcode 13.0";
			developmentRegion = en;
			hasScannedForEncodings = 0;
			knownRegions = (
				en,
				Base,
			);
			mainGroup = E26662AD26CC36830054868A;
			packageReferences = (
			);
			productRefGroup = E26662B726CC36830054868A /* Products */;
			projectDirPath = "";
			projectRoot = "";
			targets = (
				E26662B526CC36830054868A /* Dokusho */,
			);
		};
/* End PBXProject section */

/* Begin PBXResourcesBuildPhase section */
		E26662B426CC36830054868A /* Resources */ = {
			isa = PBXResourcesBuildPhase;
			buildActionMask = 2147483647;
			files = (
				E20837B426E3BF2000E6DCEE /* README.md in Resources */,
				E26662D126CC58160054868A /* Assets.xcassets in Resources */,
				E20837B526E3BF2000E6DCEE /* LICENSE in Resources */,
				E2187E8E26CC5850009604A9 /* Preview Assets.xcassets in Resources */,
			);
			runOnlyForDeploymentPostprocessing = 0;
		};
/* End PBXResourcesBuildPhase section */

/* Begin PBXSourcesBuildPhase section */
		E26662B226CC36830054868A /* Sources */ = {
			isa = PBXSourcesBuildPhase;
			buildActionMask = 2147483647;
			files = (
				E26662BA26CC36830054868A /* DokushoApp.swift in Sources */,
				E2187EAE26CC5E7D009604A9 /* RootView.swift in Sources */,
			);
			runOnlyForDeploymentPostprocessing = 0;
		};
/* End PBXSourcesBuildPhase section */

/* Begin XCBuildConfiguration section */
		E26662C726CC36840054868A /* Debug */ = {
			isa = XCBuildConfiguration;
			buildSettings = {
				ALWAYS_SEARCH_USER_PATHS = NO;
				CLANG_ANALYZER_NONNULL = YES;
				CLANG_ANALYZER_NUMBER_OBJECT_CONVERSION = YES_AGGRESSIVE;
				CLANG_CXX_LANGUAGE_STANDARD = "gnu++17";
				CLANG_CXX_LIBRARY = "libc++";
				CLANG_ENABLE_MODULES = YES;
				CLANG_ENABLE_OBJC_ARC = YES;
				CLANG_ENABLE_OBJC_WEAK = YES;
				CLANG_WARN_BLOCK_CAPTURE_AUTORELEASING = YES;
				CLANG_WARN_BOOL_CONVERSION = YES;
				CLANG_WARN_COMMA = YES;
				CLANG_WARN_CONSTANT_CONVERSION = YES;
				CLANG_WARN_DEPRECATED_OBJC_IMPLEMENTATIONS = YES;
				CLANG_WARN_DIRECT_OBJC_ISA_USAGE = YES_ERROR;
				CLANG_WARN_DOCUMENTATION_COMMENTS = YES;
				CLANG_WARN_EMPTY_BODY = YES;
				CLANG_WARN_ENUM_CONVERSION = YES;
				CLANG_WARN_INFINITE_RECURSION = YES;
				CLANG_WARN_INT_CONVERSION = YES;
				CLANG_WARN_NON_LITERAL_NULL_CONVERSION = YES;
				CLANG_WARN_OBJC_IMPLICIT_RETAIN_SELF = YES;
				CLANG_WARN_OBJC_LITERAL_CONVERSION = YES;
				CLANG_WARN_OBJC_ROOT_CLASS = YES_ERROR;
				CLANG_WARN_QUOTED_INCLUDE_IN_FRAMEWORK_HEADER = YES;
				CLANG_WARN_RANGE_LOOP_ANALYSIS = YES;
				CLANG_WARN_STRICT_PROTOTYPES = YES;
				CLANG_WARN_SUSPICIOUS_MOVE = YES;
				CLANG_WARN_UNGUARDED_AVAILABILITY = YES_AGGRESSIVE;
				CLANG_WARN_UNREACHABLE_CODE = YES;
				CLANG_WARN__DUPLICATE_METHOD_MATCH = YES;
				COPY_PHASE_STRIP = NO;
				DEBUG_INFORMATION_FORMAT = dwarf;
				ENABLE_STRICT_OBJC_MSGSEND = YES;
				ENABLE_TESTABILITY = YES;
				GCC_C_LANGUAGE_STANDARD = gnu11;
				GCC_DYNAMIC_NO_PIC = NO;
				GCC_NO_COMMON_BLOCKS = YES;
				GCC_OPTIMIZATION_LEVEL = 0;
				GCC_PREPROCESSOR_DEFINITIONS = (
					"DEBUG=1",
					"$(inherited)",
				);
				GCC_WARN_64_TO_32_BIT_CONVERSION = YES;
				GCC_WARN_ABOUT_RETURN_TYPE = YES_ERROR;
				GCC_WARN_UNDECLARED_SELECTOR = YES;
				GCC_WARN_UNINITIALIZED_AUTOS = YES_AGGRESSIVE;
				GCC_WARN_UNUSED_FUNCTION = YES;
				GCC_WARN_UNUSED_VARIABLE = YES;
				IPHONEOS_DEPLOYMENT_TARGET = 16.0;
				MACOSX_DEPLOYMENT_TARGET = 13.0;
				MTL_ENABLE_DEBUG_INFO = INCLUDE_SOURCE;
				MTL_FAST_MATH = YES;
				ONLY_ACTIVE_ARCH = YES;
				SDKROOT = iphoneos;
				SWIFT_ACTIVE_COMPILATION_CONDITIONS = DEBUG;
				SWIFT_OPTIMIZATION_LEVEL = "-Onone";
				SWIFT_STRICT_CONCURRENCY = complete;
			};
			name = Debug;
		};
		E26662C826CC36840054868A /* Release */ = {
			isa = XCBuildConfiguration;
			buildSettings = {
				ALWAYS_SEARCH_USER_PATHS = NO;
				CLANG_ANALYZER_NONNULL = YES;
				CLANG_ANALYZER_NUMBER_OBJECT_CONVERSION = YES_AGGRESSIVE;
				CLANG_CXX_LANGUAGE_STANDARD = "gnu++17";
				CLANG_CXX_LIBRARY = "libc++";
				CLANG_ENABLE_MODULES = YES;
				CLANG_ENABLE_OBJC_ARC = YES;
				CLANG_ENABLE_OBJC_WEAK = YES;
				CLANG_WARN_BLOCK_CAPTURE_AUTORELEASING = YES;
				CLANG_WARN_BOOL_CONVERSION = YES;
				CLANG_WARN_COMMA = YES;
				CLANG_WARN_CONSTANT_CONVERSION = YES;
				CLANG_WARN_DEPRECATED_OBJC_IMPLEMENTATIONS = YES;
				CLANG_WARN_DIRECT_OBJC_ISA_USAGE = YES_ERROR;
				CLANG_WARN_DOCUMENTATION_COMMENTS = YES;
				CLANG_WARN_EMPTY_BODY = YES;
				CLANG_WARN_ENUM_CONVERSION = YES;
				CLANG_WARN_INFINITE_RECURSION = YES;
				CLANG_WARN_INT_CONVERSION = YES;
				CLANG_WARN_NON_LITERAL_NULL_CONVERSION = YES;
				CLANG_WARN_OBJC_IMPLICIT_RETAIN_SELF = YES;
				CLANG_WARN_OBJC_LITERAL_CONVERSION = YES;
				CLANG_WARN_OBJC_ROOT_CLASS = YES_ERROR;
				CLANG_WARN_QUOTED_INCLUDE_IN_FRAMEWORK_HEADER = YES;
				CLANG_WARN_RANGE_LOOP_ANALYSIS = YES;
				CLANG_WARN_STRICT_PROTOTYPES = YES;
				CLANG_WARN_SUSPICIOUS_MOVE = YES;
				CLANG_WARN_UNGUARDED_AVAILABILITY = YES_AGGRESSIVE;
				CLANG_WARN_UNREACHABLE_CODE = YES;
				CLANG_WARN__DUPLICATE_METHOD_MATCH = YES;
				COPY_PHASE_STRIP = NO;
				DEBUG_INFORMATION_FORMAT = "dwarf-with-dsym";
				ENABLE_NS_ASSERTIONS = NO;
				ENABLE_STRICT_OBJC_MSGSEND = YES;
				GCC_C_LANGUAGE_STANDARD = gnu11;
				GCC_NO_COMMON_BLOCKS = YES;
				GCC_WARN_64_TO_32_BIT_CONVERSION = YES;
				GCC_WARN_ABOUT_RETURN_TYPE = YES_ERROR;
				GCC_WARN_UNDECLARED_SELECTOR = YES;
				GCC_WARN_UNINITIALIZED_AUTOS = YES_AGGRESSIVE;
				GCC_WARN_UNUSED_FUNCTION = YES;
				GCC_WARN_UNUSED_VARIABLE = YES;
				IPHONEOS_DEPLOYMENT_TARGET = 16.0;
				MACOSX_DEPLOYMENT_TARGET = 13.0;
				MTL_ENABLE_DEBUG_INFO = NO;
				MTL_FAST_MATH = YES;
				SDKROOT = iphoneos;
				SWIFT_COMPILATION_MODE = wholemodule;
				SWIFT_OPTIMIZATION_LEVEL = "-O";
				SWIFT_STRICT_CONCURRENCY = complete;
				VALIDATE_PRODUCT = YES;
			};
			name = Release;
		};
		E26662CA26CC36840054868A /* Debug */ = {
			isa = XCBuildConfiguration;
			buildSettings = {
				ASSETCATALOG_COMPILER_APPICON_NAME = AppIcon;
				ASSETCATALOG_COMPILER_GLOBAL_ACCENT_COLOR_NAME = AccentColor;
				CODE_SIGN_ENTITLEMENTS = Dokusho/Dokusho.entitlements;
				"CODE_SIGN_IDENTITY[sdk=macosx*]" = "Apple Development";
				CODE_SIGN_STYLE = Automatic;
				CURRENT_PROJECT_VERSION = 7;
				DEVELOPMENT_ASSET_PATHS = "Preview\\ Content";
				DEVELOPMENT_TEAM = 27U585A9E3;
				ENABLE_PREVIEWS = YES;
				GENERATE_INFOPLIST_FILE = YES;
				INFOPLIST_FILE = Dokusho/Info.plist;
				INFOPLIST_KEY_CFBundleDisplayName = Dokusho;
				INFOPLIST_KEY_LSApplicationCategoryType = "public.app-category.books";
				INFOPLIST_KEY_NSPhotoLibraryAddUsageDescription = "";
				INFOPLIST_KEY_UIApplicationSceneManifest_Generation = YES;
				INFOPLIST_KEY_UIApplicationSupportsIndirectInputEvents = YES;
				INFOPLIST_KEY_UILaunchScreen_Generation = YES;
				INFOPLIST_KEY_UISupportedInterfaceOrientations = "UIInterfaceOrientationPortrait UIInterfaceOrientationLandscapeLeft UIInterfaceOrientationLandscapeRight UIInterfaceOrientationPortraitUpsideDown";
				INFOPLIST_KEY_UISupportedInterfaceOrientations_iPad = "UIInterfaceOrientationPortrait UIInterfaceOrientationPortraitUpsideDown UIInterfaceOrientationLandscapeLeft UIInterfaceOrientationLandscapeRight";
				INFOPLIST_KEY_UISupportedInterfaceOrientations_iPhone = "UIInterfaceOrientationPortrait UIInterfaceOrientationLandscapeLeft UIInterfaceOrientationLandscapeRight";
				IPHONEOS_DEPLOYMENT_TARGET = 17.0;
				LD_RUNPATH_SEARCH_PATHS = (
					"$(inherited)",
					"@executable_path/Frameworks",
				);
				MARKETING_VERSION = 1.2.5;
				OTHER_LDFLAGS = "";
				PRODUCT_BUNDLE_IDENTIFIER = tech.azsiaz.Dokusho;
				PRODUCT_NAME = "$(TARGET_NAME)";
				SUPPORTED_PLATFORMS = "iphoneos iphonesimulator";
				SUPPORTS_MACCATALYST = NO;
				SUPPORTS_MAC_DESIGNED_FOR_IPHONE_IPAD = NO;
				SUPPORTS_XR_DESIGNED_FOR_IPHONE_IPAD = NO;
				SWIFT_EMIT_LOC_STRINGS = YES;
				SWIFT_VERSION = 5.0;
				TARGETED_DEVICE_FAMILY = "1,2,6";
			};
			name = Debug;
		};
		E26662CB26CC36840054868A /* Release */ = {
			isa = XCBuildConfiguration;
			buildSettings = {
				ASSETCATALOG_COMPILER_APPICON_NAME = AppIcon;
				ASSETCATALOG_COMPILER_GLOBAL_ACCENT_COLOR_NAME = AccentColor;
				CODE_SIGN_ENTITLEMENTS = Dokusho/Dokusho.entitlements;
				"CODE_SIGN_IDENTITY[sdk=macosx*]" = "Apple Development";
				CODE_SIGN_STYLE = Automatic;
				CURRENT_PROJECT_VERSION = 7;
				DEVELOPMENT_ASSET_PATHS = "Preview\\ Content";
				DEVELOPMENT_TEAM = 27U585A9E3;
				ENABLE_PREVIEWS = YES;
				GENERATE_INFOPLIST_FILE = YES;
				INFOPLIST_FILE = Dokusho/Info.plist;
				INFOPLIST_KEY_CFBundleDisplayName = Dokusho;
				INFOPLIST_KEY_LSApplicationCategoryType = "public.app-category.books";
				INFOPLIST_KEY_NSPhotoLibraryAddUsageDescription = "";
				INFOPLIST_KEY_UIApplicationSceneManifest_Generation = YES;
				INFOPLIST_KEY_UIApplicationSupportsIndirectInputEvents = YES;
				INFOPLIST_KEY_UILaunchScreen_Generation = YES;
				INFOPLIST_KEY_UISupportedInterfaceOrientations = "UIInterfaceOrientationPortrait UIInterfaceOrientationLandscapeLeft UIInterfaceOrientationLandscapeRight UIInterfaceOrientationPortraitUpsideDown";
				INFOPLIST_KEY_UISupportedInterfaceOrientations_iPad = "UIInterfaceOrientationPortrait UIInterfaceOrientationPortraitUpsideDown UIInterfaceOrientationLandscapeLeft UIInterfaceOrientationLandscapeRight";
				INFOPLIST_KEY_UISupportedInterfaceOrientations_iPhone = "UIInterfaceOrientationPortrait UIInterfaceOrientationLandscapeLeft UIInterfaceOrientationLandscapeRight";
				IPHONEOS_DEPLOYMENT_TARGET = 17.0;
				LD_RUNPATH_SEARCH_PATHS = (
					"$(inherited)",
					"@executable_path/Frameworks",
				);
				MARKETING_VERSION = 1.2.5;
				PRODUCT_BUNDLE_IDENTIFIER = tech.azsiaz.Dokusho;
				PRODUCT_NAME = "$(TARGET_NAME)";
				SUPPORTED_PLATFORMS = "iphoneos iphonesimulator";
				SUPPORTS_MACCATALYST = NO;
				SUPPORTS_MAC_DESIGNED_FOR_IPHONE_IPAD = NO;
				SUPPORTS_XR_DESIGNED_FOR_IPHONE_IPAD = NO;
				SWIFT_EMIT_LOC_STRINGS = YES;
				SWIFT_VERSION = 5.0;
				TARGETED_DEVICE_FAMILY = "1,2,6";
			};
			name = Release;
		};
/* End XCBuildConfiguration section */

/* Begin XCConfigurationList section */
		E26662B126CC36830054868A /* Build configuration list for PBXProject "Dokusho" */ = {
			isa = XCConfigurationList;
			buildConfigurations = (
				E26662C726CC36840054868A /* Debug */,
				E26662C826CC36840054868A /* Release */,
			);
			defaultConfigurationIsVisible = 0;
			defaultConfigurationName = Release;
		};
		E26662C926CC36840054868A /* Build configuration list for PBXNativeTarget "Dokusho" */ = {
			isa = XCConfigurationList;
			buildConfigurations = (
				E26662CA26CC36840054868A /* Debug */,
				E26662CB26CC36840054868A /* Release */,
			);
			defaultConfigurationIsVisible = 0;
			defaultConfigurationName = Release;
		};
/* End XCConfigurationList section */

/* Begin XCSwiftPackageProductDependency section */
		E2474C9F284E5C5F0090E032 /* DynamicCollection */ = {
			isa = XCSwiftPackageProductDependency;
			productName = DynamicCollection;
		};
		E2474CA1284E62820090E032 /* LibraryTab */ = {
			isa = XCSwiftPackageProductDependency;
			productName = LibraryTab;
		};
		E2474CA3284E64080090E032 /* ExploreTab */ = {
			isa = XCSwiftPackageProductDependency;
			productName = ExploreTab;
		};
		E24804C32846D2E80017F4E2 /* MangaScraper */ = {
			isa = XCSwiftPackageProductDependency;
			productName = MangaScraper;
		};
		E25B0C82282BC4360080A71A /* DataKit */ = {
			isa = XCSwiftPackageProductDependency;
			productName = DataKit;
		};
		E25E46C8284B68FE004C594C /* SettingsTab */ = {
			isa = XCSwiftPackageProductDependency;
			productName = SettingsTab;
		};
		E25E46CA284B697C004C594C /* HistoryTab */ = {
			isa = XCSwiftPackageProductDependency;
			productName = HistoryTab;
		};
		E270C0D7282BDEFE00E3093E /* Common */ = {
			isa = XCSwiftPackageProductDependency;
			productName = Common;
		};
		E270C0D9282BDF1300E3093E /* Reader */ = {
			isa = XCSwiftPackageProductDependency;
			productName = Reader;
		};
		E270C0E0282C471400E3093E /* SharedUI */ = {
			isa = XCSwiftPackageProductDependency;
			productName = SharedUI;
		};
		E29D727B283FBE2D0052EBED /* MangaDetail */ = {
			isa = XCSwiftPackageProductDependency;
			productName = MangaDetail;
		};
/* End XCSwiftPackageProductDependency section */
	};
	rootObject = E26662AE26CC36830054868A /* Project object */;
}
