// !$*UTF8*$!
{
	archiveVersion = 1;
	classes = {
	};
	objectVersion = 52;
	objects = {

/* Begin PBXBuildFile section */
		E20A03BD268752EA004CF038 /* ChapterListRow.swift in Sources */ = {isa = PBXBuildFile; fileRef = E20A03BC268752EA004CF038 /* ChapterListRow.swift */; };
		E20A03C02687531A004CF038 /* ManageCollectionsModal.swift in Sources */ = {isa = PBXBuildFile; fileRef = E20A03BF2687531A004CF038 /* ManageCollectionsModal.swift */; };
		E20A03C62689C79B004CF038 /* Disk in Frameworks */ = {isa = PBXBuildFile; productRef = E20A03C52689C79B004CF038 /* Disk */; };
		E20A03C82689C7C5004CF038 /* SettingsView.swift in Sources */ = {isa = PBXBuildFile; fileRef = E20A03C72689C7C5004CF038 /* SettingsView.swift */; };
		E20A03CA2689D068004CF038 /* SettingsVM.swift in Sources */ = {isa = PBXBuildFile; fileRef = E20A03C92689D068004CF038 /* SettingsVM.swift */; };
		E20A03CD2689E5C8004CF038 /* CloudKit.framework in Frameworks */ = {isa = PBXBuildFile; fileRef = E20A03CC2689E5C8004CF038 /* CloudKit.framework */; };
		E20A03D0268A0806004CF038 /* Manga+CD.swift in Sources */ = {isa = PBXBuildFile; fileRef = E20A03CF268A0806004CF038 /* Manga+CD.swift */; };
		E20A03D3268A09E2004CF038 /* MangaAlternatesName+CD.swift in Sources */ = {isa = PBXBuildFile; fileRef = E20A03D2268A09E2004CF038 /* MangaAlternatesName+CD.swift */; };
		E20A03D5268A0A41004CF038 /* MangaAuthor+CD.swift in Sources */ = {isa = PBXBuildFile; fileRef = E20A03D4268A0A41004CF038 /* MangaAuthor+CD.swift */; };
		E20A03D7268A0A8C004CF038 /* MangaChapter+CD.swift in Sources */ = {isa = PBXBuildFile; fileRef = E20A03D6268A0A8C004CF038 /* MangaChapter+CD.swift */; };
		E20A03D9268A0B0A004CF038 /* MangaCollection+CD.swift in Sources */ = {isa = PBXBuildFile; fileRef = E20A03D8268A0B0A004CF038 /* MangaCollection+CD.swift */; };
		E20A03DB268A0BA0004CF038 /* MangaGenre+CD.swift in Sources */ = {isa = PBXBuildFile; fileRef = E20A03DA268A0BA0004CF038 /* MangaGenre+CD.swift */; };
		E20A03DD268A4956004CF038 /* DataManager.swift in Sources */ = {isa = PBXBuildFile; fileRef = E20A03DC268A4956004CF038 /* DataManager.swift */; };
		E2174BFF2680E01A003573C5 /* Date.swift in Sources */ = {isa = PBXBuildFile; fileRef = E24EB5ED266FA65900BEDBF4 /* Date.swift */; };
		E2174C002680E01C003573C5 /* Array.swift in Sources */ = {isa = PBXBuildFile; fileRef = E24EB5EB266FA65500BEDBF4 /* Array.swift */; };
		E2174C012680E01F003573C5 /* Logger.swift in Sources */ = {isa = PBXBuildFile; fileRef = E2396218266BE7CA00BA4833 /* Logger.swift */; };
		E2174C022680E022003573C5 /* Fixflickering.swift in Sources */ = {isa = PBXBuildFile; fileRef = E2396210266BC38D00BA4833 /* Fixflickering.swift */; };
		E2174C032680E02E003573C5 /* ExploreSourceVM.swift in Sources */ = {isa = PBXBuildFile; fileRef = E239621B266D206400BA4833 /* ExploreSourceVM.swift */; };
		E2174C042680E031003573C5 /* MangaDetailVM.swift in Sources */ = {isa = PBXBuildFile; fileRef = E2DE87A0267794E000384FCA /* MangaDetailVM.swift */; };
		E2174C052680E034003573C5 /* ReaderVM.swift in Sources */ = {isa = PBXBuildFile; fileRef = E2DE87A926781CB600384FCA /* ReaderVM.swift */; };
		E2174C062680E03C003573C5 /* FlexibleView.swift in Sources */ = {isa = PBXBuildFile; fileRef = E2DE87A22677B00300384FCA /* FlexibleView.swift */; };
		E2174C072680E03F003573C5 /* HorizontalReaderView.swift in Sources */ = {isa = PBXBuildFile; fileRef = E2DE87AB2679057700384FCA /* HorizontalReaderView.swift */; };
		E2174C082680E041003573C5 /* VerticalReaderView.swift in Sources */ = {isa = PBXBuildFile; fileRef = E2DE87AD2679E76400384FCA /* VerticalReaderView.swift */; };
		E2174C0A2681D9F6003573C5 /* LibraryVM.swift in Sources */ = {isa = PBXBuildFile; fileRef = E2174C092681D9F6003573C5 /* LibraryVM.swift */; };
		E2174C0C2681DB05003573C5 /* RefreshableImageView.swift in Sources */ = {isa = PBXBuildFile; fileRef = E2174C0B2681DB05003573C5 /* RefreshableImageView.swift */; };
		E22B2DD9267FBB24000E5379 /* iPages in Frameworks */ = {isa = PBXBuildFile; productRef = E22B2DD8267FBB24000E5379 /* iPages */; };
		E23961E42663E60E00BA4833 /* Dokusho.xcdatamodeld in Sources */ = {isa = PBXBuildFile; fileRef = E23961CE2663E60D00BA4833 /* Dokusho.xcdatamodeld */; };
		E23961E52663E60E00BA4833 /* Dokusho.xcdatamodeld in Sources */ = {isa = PBXBuildFile; fileRef = E23961CE2663E60D00BA4833 /* Dokusho.xcdatamodeld */; };
		E23961E62663E60E00BA4833 /* DokushoApp.swift in Sources */ = {isa = PBXBuildFile; fileRef = E23961D02663E60D00BA4833 /* DokushoApp.swift */; };
		E23961E72663E60E00BA4833 /* DokushoApp.swift in Sources */ = {isa = PBXBuildFile; fileRef = E23961D02663E60D00BA4833 /* DokushoApp.swift */; };
		E23961EA2663E60E00BA4833 /* Persistence.swift in Sources */ = {isa = PBXBuildFile; fileRef = E23961D22663E60D00BA4833 /* Persistence.swift */; };
		E23961EC2663E60E00BA4833 /* Assets.xcassets in Resources */ = {isa = PBXBuildFile; fileRef = E23961D32663E60E00BA4833 /* Assets.xcassets */; };
		E23961ED2663E60E00BA4833 /* Assets.xcassets in Resources */ = {isa = PBXBuildFile; fileRef = E23961D32663E60E00BA4833 /* Assets.xcassets */; };
		E23961FE2664B27700BA4833 /* MangaSourceService.swift in Sources */ = {isa = PBXBuildFile; fileRef = E23961FD2664B27700BA4833 /* MangaSourceService.swift */; };
		E23961FF2664B27700BA4833 /* MangaSourceService.swift in Sources */ = {isa = PBXBuildFile; fileRef = E23961FD2664B27700BA4833 /* MangaSourceService.swift */; };
		E23962022664BE4D00BA4833 /* RootView.swift in Sources */ = {isa = PBXBuildFile; fileRef = E23962012664BE4D00BA4833 /* RootView.swift */; };
		E23962032664BE4D00BA4833 /* RootView.swift in Sources */ = {isa = PBXBuildFile; fileRef = E23962012664BE4D00BA4833 /* RootView.swift */; };
		E23962052664C1EC00BA4833 /* LibraryView.swift in Sources */ = {isa = PBXBuildFile; fileRef = E23962042664C1EC00BA4833 /* LibraryView.swift */; };
		E23962062664C1EC00BA4833 /* LibraryView.swift in Sources */ = {isa = PBXBuildFile; fileRef = E23962042664C1EC00BA4833 /* LibraryView.swift */; };
		E23962082664C23900BA4833 /* ExploreView.swift in Sources */ = {isa = PBXBuildFile; fileRef = E23962072664C23900BA4833 /* ExploreView.swift */; };
		E23962092664C23900BA4833 /* ExploreView.swift in Sources */ = {isa = PBXBuildFile; fileRef = E23962072664C23900BA4833 /* ExploreView.swift */; };
		E239620C266BBCAD00BA4833 /* NukeUI in Frameworks */ = {isa = PBXBuildFile; productRef = E239620B266BBCAD00BA4833 /* NukeUI */; };
		E239620F266BC2E900BA4833 /* SourceRow.swift in Sources */ = {isa = PBXBuildFile; fileRef = E239620E266BC2E900BA4833 /* SourceRow.swift */; };
		E2396211266BC38D00BA4833 /* Fixflickering.swift in Sources */ = {isa = PBXBuildFile; fileRef = E2396210266BC38D00BA4833 /* Fixflickering.swift */; };
		E2396215266BCCD800BA4833 /* ExploreSourceView.swift in Sources */ = {isa = PBXBuildFile; fileRef = E2396214266BCCD800BA4833 /* ExploreSourceView.swift */; };
		E2396219266BE7CA00BA4833 /* Logger.swift in Sources */ = {isa = PBXBuildFile; fileRef = E2396218266BE7CA00BA4833 /* Logger.swift */; };
		E239621C266D206400BA4833 /* ExploreSourceVM.swift in Sources */ = {isa = PBXBuildFile; fileRef = E239621B266D206400BA4833 /* ExploreSourceVM.swift */; };
		E239621E266D4DF700BA4833 /* ImageWithTextOver.swift in Sources */ = {isa = PBXBuildFile; fileRef = E239621D266D4DF700BA4833 /* ImageWithTextOver.swift */; };
		E239621F266D4DF700BA4833 /* ImageWithTextOver.swift in Sources */ = {isa = PBXBuildFile; fileRef = E239621D266D4DF700BA4833 /* ImageWithTextOver.swift */; };
		E2396222266D4F8600BA4833 /* NavigationLinkLazyView.swift in Sources */ = {isa = PBXBuildFile; fileRef = E2396221266D4F8600BA4833 /* NavigationLinkLazyView.swift */; };
		E2396223266D4F8600BA4833 /* NavigationLinkLazyView.swift in Sources */ = {isa = PBXBuildFile; fileRef = E2396221266D4F8600BA4833 /* NavigationLinkLazyView.swift */; };
		E2396225266D4FC100BA4833 /* MangaDetailView.swift in Sources */ = {isa = PBXBuildFile; fileRef = E2396224266D4FC100BA4833 /* MangaDetailView.swift */; };
		E2396226266D4FC100BA4833 /* MangaDetailView.swift in Sources */ = {isa = PBXBuildFile; fileRef = E2396224266D4FC100BA4833 /* MangaDetailView.swift */; };
		E2424E4F268F3E7F00629282 /* String.swift in Sources */ = {isa = PBXBuildFile; fileRef = E2424E4E268F3E7F00629282 /* String.swift */; };
		E2424E50268F3E7F00629282 /* String.swift in Sources */ = {isa = PBXBuildFile; fileRef = E2424E4E268F3E7F00629282 /* String.swift */; };
		E2424E52268F48C100629282 /* MangaCollectionPage.swift in Sources */ = {isa = PBXBuildFile; fileRef = E2424E51268F48C100629282 /* MangaCollectionPage.swift */; };
		E2424E53268F48C100629282 /* MangaCollectionPage.swift in Sources */ = {isa = PBXBuildFile; fileRef = E2424E51268F48C100629282 /* MangaCollectionPage.swift */; };
		E2424E5A2691C18500629282 /* ChapterListView.swift in Sources */ = {isa = PBXBuildFile; fileRef = E2424E592691C18500629282 /* ChapterListView.swift */; };
		E2424E5B2691C18500629282 /* ChapterListView.swift in Sources */ = {isa = PBXBuildFile; fileRef = E2424E592691C18500629282 /* ChapterListView.swift */; };
		E2424E642691C37300629282 /* ChapterListVM.swift in Sources */ = {isa = PBXBuildFile; fileRef = E2424E632691C37300629282 /* ChapterListVM.swift */; };
		E2424E652691C37300629282 /* ChapterListVM.swift in Sources */ = {isa = PBXBuildFile; fileRef = E2424E632691C37300629282 /* ChapterListVM.swift */; };
		E24EB5EC266FA65500BEDBF4 /* Array.swift in Sources */ = {isa = PBXBuildFile; fileRef = E24EB5EB266FA65500BEDBF4 /* Array.swift */; };
		E24EB5EE266FA65900BEDBF4 /* Date.swift in Sources */ = {isa = PBXBuildFile; fileRef = E24EB5ED266FA65900BEDBF4 /* Date.swift */; };
		E24EB5F1266FA72D00BEDBF4 /* MangaSource.swift in Sources */ = {isa = PBXBuildFile; fileRef = E24EB5F0266FA72D00BEDBF4 /* MangaSource.swift */; };
		E24EB5F2266FA72D00BEDBF4 /* MangaSource.swift in Sources */ = {isa = PBXBuildFile; fileRef = E24EB5F0266FA72D00BEDBF4 /* MangaSource.swift */; };
		E24EB5F6266FA75D00BEDBF4 /* Mangasee.swift in Sources */ = {isa = PBXBuildFile; fileRef = E24EB5F5266FA75D00BEDBF4 /* Mangasee.swift */; };
		E24EB5F7266FA75D00BEDBF4 /* Mangasee.swift in Sources */ = {isa = PBXBuildFile; fileRef = E24EB5F5266FA75D00BEDBF4 /* Mangasee.swift */; };
		E253BBF5266FABEF00A3368C /* SwiftyJSON in Frameworks */ = {isa = PBXBuildFile; productRef = E253BBF4266FABEF00A3368C /* SwiftyJSON */; };
		E253BBF8266FAC0300A3368C /* Alamofire in Frameworks */ = {isa = PBXBuildFile; productRef = E253BBF7266FAC0300A3368C /* Alamofire */; };
		E253BBFB266FAC2400A3368C /* SwiftSoup in Frameworks */ = {isa = PBXBuildFile; productRef = E253BBFA266FAC2400A3368C /* SwiftSoup */; };
		E2ABC5D1269253EB00E68D75 /* MangaUnreadCount.swift in Sources */ = {isa = PBXBuildFile; fileRef = E2ABC5D0269253EB00E68D75 /* MangaUnreadCount.swift */; };
		E2ABC5D2269253EB00E68D75 /* MangaUnreadCount.swift in Sources */ = {isa = PBXBuildFile; fileRef = E2ABC5D0269253EB00E68D75 /* MangaUnreadCount.swift */; };
		E2ABC5D426925A9B00E68D75 /* MangaLibraryContextMenu.swift in Sources */ = {isa = PBXBuildFile; fileRef = E2ABC5D326925A9B00E68D75 /* MangaLibraryContextMenu.swift */; };
		E2ABC5D526925A9B00E68D75 /* MangaLibraryContextMenu.swift in Sources */ = {isa = PBXBuildFile; fileRef = E2ABC5D326925A9B00E68D75 /* MangaLibraryContextMenu.swift */; };
		E2DE87A1267794E000384FCA /* MangaDetailVM.swift in Sources */ = {isa = PBXBuildFile; fileRef = E2DE87A0267794E000384FCA /* MangaDetailVM.swift */; };
		E2DE87A32677B00300384FCA /* FlexibleView.swift in Sources */ = {isa = PBXBuildFile; fileRef = E2DE87A22677B00300384FCA /* FlexibleView.swift */; };
		E2DE87A526780DCE00384FCA /* ReaderView.swift in Sources */ = {isa = PBXBuildFile; fileRef = E2DE87A426780DCE00384FCA /* ReaderView.swift */; };
		E2DE87AA26781CB600384FCA /* ReaderVM.swift in Sources */ = {isa = PBXBuildFile; fileRef = E2DE87A926781CB600384FCA /* ReaderVM.swift */; };
		E2DE87AC2679057700384FCA /* HorizontalReaderView.swift in Sources */ = {isa = PBXBuildFile; fileRef = E2DE87AB2679057700384FCA /* HorizontalReaderView.swift */; };
		E2DE87AE2679E76400384FCA /* VerticalReaderView.swift in Sources */ = {isa = PBXBuildFile; fileRef = E2DE87AD2679E76400384FCA /* VerticalReaderView.swift */; };
		E2F3CCC8268741DA001D1124 /* RoundedCorner.swift in Sources */ = {isa = PBXBuildFile; fileRef = E2F3CCC7268741DA001D1124 /* RoundedCorner.swift */; };
/* End PBXBuildFile section */

/* Begin PBXFileReference section */
		E20A03BC268752EA004CF038 /* ChapterListRow.swift */ = {isa = PBXFileReference; lastKnownFileType = sourcecode.swift; path = ChapterListRow.swift; sourceTree = "<group>"; };
		E20A03BF2687531A004CF038 /* ManageCollectionsModal.swift */ = {isa = PBXFileReference; lastKnownFileType = sourcecode.swift; path = ManageCollectionsModal.swift; sourceTree = "<group>"; };
		E20A03C32688ED9B004CF038 /* Dokusho.entitlements */ = {isa = PBXFileReference; lastKnownFileType = text.plist.entitlements; path = Dokusho.entitlements; sourceTree = "<group>"; };
		E20A03C72689C7C5004CF038 /* SettingsView.swift */ = {isa = PBXFileReference; lastKnownFileType = sourcecode.swift; path = SettingsView.swift; sourceTree = "<group>"; };
		E20A03C92689D068004CF038 /* SettingsVM.swift */ = {isa = PBXFileReference; lastKnownFileType = sourcecode.swift; path = SettingsVM.swift; sourceTree = "<group>"; };
		E20A03CB2689D39F004CF038 /* README.md */ = {isa = PBXFileReference; lastKnownFileType = net.daringfireball.markdown; path = README.md; sourceTree = "<group>"; };
		E20A03CC2689E5C8004CF038 /* CloudKit.framework */ = {isa = PBXFileReference; lastKnownFileType = wrapper.framework; name = CloudKit.framework; path = Platforms/iPhoneOS.platform/Developer/SDKs/iPhoneOS15.0.sdk/System/Library/Frameworks/CloudKit.framework; sourceTree = DEVELOPER_DIR; };
		E20A03CF268A0806004CF038 /* Manga+CD.swift */ = {isa = PBXFileReference; lastKnownFileType = sourcecode.swift; path = "Manga+CD.swift"; sourceTree = "<group>"; };
		E20A03D2268A09E2004CF038 /* MangaAlternatesName+CD.swift */ = {isa = PBXFileReference; lastKnownFileType = sourcecode.swift; path = "MangaAlternatesName+CD.swift"; sourceTree = "<group>"; };
		E20A03D4268A0A41004CF038 /* MangaAuthor+CD.swift */ = {isa = PBXFileReference; lastKnownFileType = sourcecode.swift; path = "MangaAuthor+CD.swift"; sourceTree = "<group>"; };
		E20A03D6268A0A8C004CF038 /* MangaChapter+CD.swift */ = {isa = PBXFileReference; lastKnownFileType = sourcecode.swift; path = "MangaChapter+CD.swift"; sourceTree = "<group>"; };
		E20A03D8268A0B0A004CF038 /* MangaCollection+CD.swift */ = {isa = PBXFileReference; lastKnownFileType = sourcecode.swift; path = "MangaCollection+CD.swift"; sourceTree = "<group>"; };
		E20A03DA268A0BA0004CF038 /* MangaGenre+CD.swift */ = {isa = PBXFileReference; lastKnownFileType = sourcecode.swift; path = "MangaGenre+CD.swift"; sourceTree = "<group>"; };
		E20A03DC268A4956004CF038 /* DataManager.swift */ = {isa = PBXFileReference; lastKnownFileType = sourcecode.swift; path = DataManager.swift; sourceTree = "<group>"; };
		E2174C092681D9F6003573C5 /* LibraryVM.swift */ = {isa = PBXFileReference; lastKnownFileType = sourcecode.swift; path = LibraryVM.swift; sourceTree = "<group>"; };
		E2174C0B2681DB05003573C5 /* RefreshableImageView.swift */ = {isa = PBXFileReference; lastKnownFileType = sourcecode.swift; path = RefreshableImageView.swift; sourceTree = "<group>"; };
		E23961CF2663E60D00BA4833 /* Shared.xcdatamodel */ = {isa = PBXFileReference; lastKnownFileType = wrapper.xcdatamodel; path = Shared.xcdatamodel; sourceTree = "<group>"; };
		E23961D02663E60D00BA4833 /* DokushoApp.swift */ = {isa = PBXFileReference; lastKnownFileType = sourcecode.swift; path = DokushoApp.swift; sourceTree = "<group>"; };
		E23961D22663E60D00BA4833 /* Persistence.swift */ = {isa = PBXFileReference; lastKnownFileType = sourcecode.swift; path = Persistence.swift; sourceTree = "<group>"; };
		E23961D32663E60E00BA4833 /* Assets.xcassets */ = {isa = PBXFileReference; lastKnownFileType = folder.assetcatalog; path = Assets.xcassets; sourceTree = "<group>"; };
		E23961D82663E60E00BA4833 /* Dokusho.app */ = {isa = PBXFileReference; explicitFileType = wrapper.application; includeInIndex = 0; path = Dokusho.app; sourceTree = BUILT_PRODUCTS_DIR; };
		E23961DB2663E60E00BA4833 /* Info.plist */ = {isa = PBXFileReference; lastKnownFileType = text.plist.xml; path = Info.plist; sourceTree = "<group>"; };
		E23961E02663E60E00BA4833 /* Dokusho.app */ = {isa = PBXFileReference; explicitFileType = wrapper.application; includeInIndex = 0; path = Dokusho.app; sourceTree = BUILT_PRODUCTS_DIR; };
		E23961E22663E60E00BA4833 /* Info.plist */ = {isa = PBXFileReference; lastKnownFileType = text.plist.xml; path = Info.plist; sourceTree = "<group>"; };
		E23961E32663E60E00BA4833 /* macOS.entitlements */ = {isa = PBXFileReference; lastKnownFileType = text.plist.entitlements; path = macOS.entitlements; sourceTree = "<group>"; };
		E23961FD2664B27700BA4833 /* MangaSourceService.swift */ = {isa = PBXFileReference; lastKnownFileType = sourcecode.swift; path = MangaSourceService.swift; sourceTree = "<group>"; };
		E23962012664BE4D00BA4833 /* RootView.swift */ = {isa = PBXFileReference; lastKnownFileType = sourcecode.swift; path = RootView.swift; sourceTree = "<group>"; };
		E23962042664C1EC00BA4833 /* LibraryView.swift */ = {isa = PBXFileReference; lastKnownFileType = sourcecode.swift; path = LibraryView.swift; sourceTree = "<group>"; };
		E23962072664C23900BA4833 /* ExploreView.swift */ = {isa = PBXFileReference; lastKnownFileType = sourcecode.swift; path = ExploreView.swift; sourceTree = "<group>"; };
		E239620E266BC2E900BA4833 /* SourceRow.swift */ = {isa = PBXFileReference; lastKnownFileType = sourcecode.swift; path = SourceRow.swift; sourceTree = "<group>"; };
		E2396210266BC38D00BA4833 /* Fixflickering.swift */ = {isa = PBXFileReference; lastKnownFileType = sourcecode.swift; path = Fixflickering.swift; sourceTree = "<group>"; };
		E2396214266BCCD800BA4833 /* ExploreSourceView.swift */ = {isa = PBXFileReference; lastKnownFileType = sourcecode.swift; path = ExploreSourceView.swift; sourceTree = "<group>"; };
		E2396218266BE7CA00BA4833 /* Logger.swift */ = {isa = PBXFileReference; lastKnownFileType = sourcecode.swift; path = Logger.swift; sourceTree = "<group>"; };
		E239621B266D206400BA4833 /* ExploreSourceVM.swift */ = {isa = PBXFileReference; lastKnownFileType = sourcecode.swift; path = ExploreSourceVM.swift; sourceTree = "<group>"; };
		E239621D266D4DF700BA4833 /* ImageWithTextOver.swift */ = {isa = PBXFileReference; lastKnownFileType = sourcecode.swift; path = ImageWithTextOver.swift; sourceTree = "<group>"; };
		E2396221266D4F8600BA4833 /* NavigationLinkLazyView.swift */ = {isa = PBXFileReference; fileEncoding = 4; lastKnownFileType = sourcecode.swift; path = NavigationLinkLazyView.swift; sourceTree = "<group>"; };
		E2396224266D4FC100BA4833 /* MangaDetailView.swift */ = {isa = PBXFileReference; lastKnownFileType = sourcecode.swift; path = MangaDetailView.swift; sourceTree = "<group>"; };
		E2424E4E268F3E7F00629282 /* String.swift */ = {isa = PBXFileReference; lastKnownFileType = sourcecode.swift; path = String.swift; sourceTree = "<group>"; };
		E2424E51268F48C100629282 /* MangaCollectionPage.swift */ = {isa = PBXFileReference; lastKnownFileType = sourcecode.swift; path = MangaCollectionPage.swift; sourceTree = "<group>"; };
		E2424E592691C18500629282 /* ChapterListView.swift */ = {isa = PBXFileReference; lastKnownFileType = sourcecode.swift; path = ChapterListView.swift; sourceTree = "<group>"; };
		E2424E632691C37300629282 /* ChapterListVM.swift */ = {isa = PBXFileReference; lastKnownFileType = sourcecode.swift; path = ChapterListVM.swift; sourceTree = "<group>"; };
		E24EB5EB266FA65500BEDBF4 /* Array.swift */ = {isa = PBXFileReference; lastKnownFileType = sourcecode.swift; path = Array.swift; sourceTree = "<group>"; };
		E24EB5ED266FA65900BEDBF4 /* Date.swift */ = {isa = PBXFileReference; lastKnownFileType = sourcecode.swift; path = Date.swift; sourceTree = "<group>"; };
		E24EB5F0266FA72D00BEDBF4 /* MangaSource.swift */ = {isa = PBXFileReference; fileEncoding = 4; lastKnownFileType = sourcecode.swift; path = MangaSource.swift; sourceTree = "<group>"; };
		E24EB5F5266FA75D00BEDBF4 /* Mangasee.swift */ = {isa = PBXFileReference; fileEncoding = 4; lastKnownFileType = sourcecode.swift; path = Mangasee.swift; sourceTree = "<group>"; };
		E2ABC5D0269253EB00E68D75 /* MangaUnreadCount.swift */ = {isa = PBXFileReference; lastKnownFileType = sourcecode.swift; path = MangaUnreadCount.swift; sourceTree = "<group>"; };
		E2ABC5D326925A9B00E68D75 /* MangaLibraryContextMenu.swift */ = {isa = PBXFileReference; lastKnownFileType = sourcecode.swift; path = MangaLibraryContextMenu.swift; sourceTree = "<group>"; };
		E2DE87A0267794E000384FCA /* MangaDetailVM.swift */ = {isa = PBXFileReference; lastKnownFileType = sourcecode.swift; path = MangaDetailVM.swift; sourceTree = "<group>"; };
		E2DE87A22677B00300384FCA /* FlexibleView.swift */ = {isa = PBXFileReference; lastKnownFileType = sourcecode.swift; path = FlexibleView.swift; sourceTree = "<group>"; };
		E2DE87A426780DCE00384FCA /* ReaderView.swift */ = {isa = PBXFileReference; lastKnownFileType = sourcecode.swift; path = ReaderView.swift; sourceTree = "<group>"; };
		E2DE87A926781CB600384FCA /* ReaderVM.swift */ = {isa = PBXFileReference; lastKnownFileType = sourcecode.swift; path = ReaderVM.swift; sourceTree = "<group>"; };
		E2DE87AB2679057700384FCA /* HorizontalReaderView.swift */ = {isa = PBXFileReference; lastKnownFileType = sourcecode.swift; path = HorizontalReaderView.swift; sourceTree = "<group>"; };
		E2DE87AD2679E76400384FCA /* VerticalReaderView.swift */ = {isa = PBXFileReference; lastKnownFileType = sourcecode.swift; path = VerticalReaderView.swift; sourceTree = "<group>"; };
		E2F3CCC7268741DA001D1124 /* RoundedCorner.swift */ = {isa = PBXFileReference; lastKnownFileType = sourcecode.swift; path = RoundedCorner.swift; sourceTree = "<group>"; };
/* End PBXFileReference section */

/* Begin PBXFrameworksBuildPhase section */
		E23961D52663E60E00BA4833 /* Frameworks */ = {
			isa = PBXFrameworksBuildPhase;
			buildActionMask = 2147483647;
			files = (
				E20A03CD2689E5C8004CF038 /* CloudKit.framework in Frameworks */,
				E253BBF8266FAC0300A3368C /* Alamofire in Frameworks */,
				E20A03C62689C79B004CF038 /* Disk in Frameworks */,
				E253BBFB266FAC2400A3368C /* SwiftSoup in Frameworks */,
				E253BBF5266FABEF00A3368C /* SwiftyJSON in Frameworks */,
				E239620C266BBCAD00BA4833 /* NukeUI in Frameworks */,
				E22B2DD9267FBB24000E5379 /* iPages in Frameworks */,
			);
			runOnlyForDeploymentPostprocessing = 0;
		};
		E23961DD2663E60E00BA4833 /* Frameworks */ = {
			isa = PBXFrameworksBuildPhase;
			buildActionMask = 2147483647;
			files = (
			);
			runOnlyForDeploymentPostprocessing = 0;
		};
/* End PBXFrameworksBuildPhase section */

/* Begin PBXGroup section */
		E20A03BE2687530E004CF038 /* modals */ = {
			isa = PBXGroup;
			children = (
				E20A03BF2687531A004CF038 /* ManageCollectionsModal.swift */,
			);
			path = modals;
			sourceTree = "<group>";
		};
		E20A03CE268A07E4004CF038 /* CoreData */ = {
			isa = PBXGroup;
			children = (
				E20A03D1268A09D1004CF038 /* models */,
				E23961CE2663E60D00BA4833 /* Dokusho.xcdatamodeld */,
				E23961D22663E60D00BA4833 /* Persistence.swift */,
				E20A03DC268A4956004CF038 /* DataManager.swift */,
			);
			path = CoreData;
			sourceTree = "<group>";
		};
		E20A03D1268A09D1004CF038 /* models */ = {
			isa = PBXGroup;
			children = (
				E20A03CF268A0806004CF038 /* Manga+CD.swift */,
				E20A03D2268A09E2004CF038 /* MangaAlternatesName+CD.swift */,
				E20A03D4268A0A41004CF038 /* MangaAuthor+CD.swift */,
				E20A03D6268A0A8C004CF038 /* MangaChapter+CD.swift */,
				E20A03D8268A0B0A004CF038 /* MangaCollection+CD.swift */,
				E20A03DA268A0BA0004CF038 /* MangaGenre+CD.swift */,
			);
			path = models;
			sourceTree = "<group>";
		};
		E23961C82663E60C00BA4833 = {
			isa = PBXGroup;
			children = (
				E20A03CB2689D39F004CF038 /* README.md */,
				E20A03C32688ED9B004CF038 /* Dokusho.entitlements */,
				E23961CD2663E60D00BA4833 /* Shared */,
				E23961DA2663E60E00BA4833 /* iOS */,
				E23961E12663E60E00BA4833 /* macOS */,
				E23961D92663E60E00BA4833 /* Products */,
				E23961F82663F03100BA4833 /* Frameworks */,
			);
			sourceTree = "<group>";
		};
		E23961CD2663E60D00BA4833 /* Shared */ = {
			isa = PBXGroup;
			children = (
				E20A03CE268A07E4004CF038 /* CoreData */,
				E2F3CCC6268741C5001D1124 /* Shape */,
				E24EB5EF266FA71000BEDBF4 /* MangaSource */,
				E2396220266D4DFC00BA4833 /* Components */,
				E2396216266BCD8800BA4833 /* ViewModels */,
				E2396212266BC3BA00BA4833 /* Extensions */,
				E23961D02663E60D00BA4833 /* DokushoApp.swift */,
				E23961FD2664B27700BA4833 /* MangaSourceService.swift */,
				E23961D32663E60E00BA4833 /* Assets.xcassets */,
			);
			path = Shared;
			sourceTree = "<group>";
		};
		E23961D92663E60E00BA4833 /* Products */ = {
			isa = PBXGroup;
			children = (
				E23961D82663E60E00BA4833 /* Dokusho.app */,
				E23961E02663E60E00BA4833 /* Dokusho.app */,
			);
			name = Products;
			sourceTree = "<group>";
		};
		E23961DA2663E60E00BA4833 /* iOS */ = {
			isa = PBXGroup;
			children = (
				E239620D266BC2DC00BA4833 /* Components */,
				E23962002664BE3A00BA4833 /* Views */,
				E23961DB2663E60E00BA4833 /* Info.plist */,
			);
			path = iOS;
			sourceTree = "<group>";
		};
		E23961E12663E60E00BA4833 /* macOS */ = {
			isa = PBXGroup;
			children = (
				E23961E22663E60E00BA4833 /* Info.plist */,
				E23961E32663E60E00BA4833 /* macOS.entitlements */,
			);
			path = macOS;
			sourceTree = "<group>";
		};
		E23961F82663F03100BA4833 /* Frameworks */ = {
			isa = PBXGroup;
			children = (
				E20A03CC2689E5C8004CF038 /* CloudKit.framework */,
			);
			name = Frameworks;
			sourceTree = "<group>";
		};
		E23962002664BE3A00BA4833 /* Views */ = {
			isa = PBXGroup;
			children = (
				E2424E572691C14800629282 /* MangaDetailView */,
				E20A03BE2687530E004CF038 /* modals */,
				E23962012664BE4D00BA4833 /* RootView.swift */,
				E23962042664C1EC00BA4833 /* LibraryView.swift */,
				E23962072664C23900BA4833 /* ExploreView.swift */,
				E2396214266BCCD800BA4833 /* ExploreSourceView.swift */,
				E2DE87A426780DCE00384FCA /* ReaderView.swift */,
				E20A03C72689C7C5004CF038 /* SettingsView.swift */,
			);
			path = Views;
			sourceTree = "<group>";
		};
		E239620D266BC2DC00BA4833 /* Components */ = {
			isa = PBXGroup;
			children = (
				E239620E266BC2E900BA4833 /* SourceRow.swift */,
				E20A03BC268752EA004CF038 /* ChapterListRow.swift */,
				E2424E51268F48C100629282 /* MangaCollectionPage.swift */,
				E2ABC5D0269253EB00E68D75 /* MangaUnreadCount.swift */,
				E2ABC5D326925A9B00E68D75 /* MangaLibraryContextMenu.swift */,
			);
			path = Components;
			sourceTree = "<group>";
		};
		E2396212266BC3BA00BA4833 /* Extensions */ = {
			isa = PBXGroup;
			children = (
				E2396217266BE7B200BA4833 /* ScrollView */,
				E24EB5ED266FA65900BEDBF4 /* Date.swift */,
				E24EB5EB266FA65500BEDBF4 /* Array.swift */,
				E2396218266BE7CA00BA4833 /* Logger.swift */,
				E2424E4E268F3E7F00629282 /* String.swift */,
			);
			path = Extensions;
			sourceTree = "<group>";
		};
		E2396216266BCD8800BA4833 /* ViewModels */ = {
			isa = PBXGroup;
			children = (
				E239621B266D206400BA4833 /* ExploreSourceVM.swift */,
				E2DE87A0267794E000384FCA /* MangaDetailVM.swift */,
				E2DE87A926781CB600384FCA /* ReaderVM.swift */,
				E2174C092681D9F6003573C5 /* LibraryVM.swift */,
				E20A03C92689D068004CF038 /* SettingsVM.swift */,
			);
			path = ViewModels;
			sourceTree = "<group>";
		};
		E2396217266BE7B200BA4833 /* ScrollView */ = {
			isa = PBXGroup;
			children = (
				E2396210266BC38D00BA4833 /* Fixflickering.swift */,
			);
			path = ScrollView;
			sourceTree = "<group>";
		};
		E2396220266D4DFC00BA4833 /* Components */ = {
			isa = PBXGroup;
			children = (
				E2396221266D4F8600BA4833 /* NavigationLinkLazyView.swift */,
				E239621D266D4DF700BA4833 /* ImageWithTextOver.swift */,
				E2DE87A22677B00300384FCA /* FlexibleView.swift */,
				E2DE87AB2679057700384FCA /* HorizontalReaderView.swift */,
				E2DE87AD2679E76400384FCA /* VerticalReaderView.swift */,
				E2174C0B2681DB05003573C5 /* RefreshableImageView.swift */,
			);
			path = Components;
			sourceTree = "<group>";
		};
		E2424E572691C14800629282 /* MangaDetailView */ = {
			isa = PBXGroup;
			children = (
				E2424E622691C35F00629282 /* ViewModels */,
				E2424E582691C16E00629282 /* Components */,
				E2396224266D4FC100BA4833 /* MangaDetailView.swift */,
			);
			path = MangaDetailView;
			sourceTree = "<group>";
		};
		E2424E582691C16E00629282 /* Components */ = {
			isa = PBXGroup;
			children = (
				E2424E592691C18500629282 /* ChapterListView.swift */,
			);
			path = Components;
			sourceTree = "<group>";
		};
		E2424E622691C35F00629282 /* ViewModels */ = {
			isa = PBXGroup;
			children = (
				E2424E632691C37300629282 /* ChapterListVM.swift */,
			);
			path = ViewModels;
			sourceTree = "<group>";
		};
		E24EB5EF266FA71000BEDBF4 /* MangaSource */ = {
			isa = PBXGroup;
			children = (
				E24EB5F3266FA75000BEDBF4 /* Sources */,
				E24EB5F0266FA72D00BEDBF4 /* MangaSource.swift */,
			);
			path = MangaSource;
			sourceTree = "<group>";
		};
		E24EB5F3266FA75000BEDBF4 /* Sources */ = {
			isa = PBXGroup;
			children = (
				E24EB5F4266FA75700BEDBF4 /* en */,
			);
			path = Sources;
			sourceTree = "<group>";
		};
		E24EB5F4266FA75700BEDBF4 /* en */ = {
			isa = PBXGroup;
			children = (
				E24EB5F5266FA75D00BEDBF4 /* Mangasee.swift */,
			);
			path = en;
			sourceTree = "<group>";
		};
		E2F3CCC6268741C5001D1124 /* Shape */ = {
			isa = PBXGroup;
			children = (
				E2F3CCC7268741DA001D1124 /* RoundedCorner.swift */,
			);
			path = Shape;
			sourceTree = "<group>";
		};
/* End PBXGroup section */

/* Begin PBXNativeTarget section */
		E23961D72663E60E00BA4833 /* Dokusho (iOS) */ = {
			isa = PBXNativeTarget;
			buildConfigurationList = E23961F02663E60E00BA4833 /* Build configuration list for PBXNativeTarget "Dokusho (iOS)" */;
			buildPhases = (
				E23961D42663E60E00BA4833 /* Sources */,
				E23961D52663E60E00BA4833 /* Frameworks */,
				E23961D62663E60E00BA4833 /* Resources */,
			);
			buildRules = (
			);
			dependencies = (
			);
			name = "Dokusho (iOS)";
			packageProductDependencies = (
				E239620B266BBCAD00BA4833 /* NukeUI */,
				E253BBF4266FABEF00A3368C /* SwiftyJSON */,
				E253BBF7266FAC0300A3368C /* Alamofire */,
				E253BBFA266FAC2400A3368C /* SwiftSoup */,
				E22B2DD8267FBB24000E5379 /* iPages */,
				E20A03C52689C79B004CF038 /* Disk */,
			);
			productName = "Dokusho (iOS)";
			productReference = E23961D82663E60E00BA4833 /* Dokusho.app */;
			productType = "com.apple.product-type.application";
		};
		E23961DF2663E60E00BA4833 /* Dokusho (macOS) */ = {
			isa = PBXNativeTarget;
			buildConfigurationList = E23961F32663E60E00BA4833 /* Build configuration list for PBXNativeTarget "Dokusho (macOS)" */;
			buildPhases = (
				E23961DC2663E60E00BA4833 /* Sources */,
				E23961DD2663E60E00BA4833 /* Frameworks */,
				E23961DE2663E60E00BA4833 /* Resources */,
			);
			buildRules = (
			);
			dependencies = (
			);
			name = "Dokusho (macOS)";
			packageProductDependencies = (
			);
			productName = "Dokusho (macOS)";
			productReference = E23961E02663E60E00BA4833 /* Dokusho.app */;
			productType = "com.apple.product-type.application";
		};
/* End PBXNativeTarget section */

/* Begin PBXProject section */
		E23961C92663E60C00BA4833 /* Project object */ = {
			isa = PBXProject;
			attributes = {
				LastSwiftUpdateCheck = 1250;
				LastUpgradeCheck = 1250;
				TargetAttributes = {
					E23961D72663E60E00BA4833 = {
						CreatedOnToolsVersion = 12.5;
					};
					E23961DF2663E60E00BA4833 = {
						CreatedOnToolsVersion = 12.5;
					};
				};
			};
			buildConfigurationList = E23961CC2663E60C00BA4833 /* Build configuration list for PBXProject "Dokusho" */;
			compatibilityVersion = "Xcode 9.3";
			developmentRegion = en;
			hasScannedForEncodings = 0;
			knownRegions = (
				en,
				Base,
			);
			mainGroup = E23961C82663E60C00BA4833;
			packageReferences = (
				E239620A266BBCAD00BA4833 /* XCRemoteSwiftPackageReference "NukeUI" */,
				E253BBF3266FABEF00A3368C /* XCRemoteSwiftPackageReference "SwiftyJSON" */,
				E253BBF6266FAC0300A3368C /* XCRemoteSwiftPackageReference "Alamofire" */,
				E253BBF9266FAC2400A3368C /* XCRemoteSwiftPackageReference "SwiftSoup" */,
				E22B2DD7267FBB24000E5379 /* XCRemoteSwiftPackageReference "iPages" */,
				E20A03C42689C79B004CF038 /* XCRemoteSwiftPackageReference "Disk" */,
			);
			productRefGroup = E23961D92663E60E00BA4833 /* Products */;
			projectDirPath = "";
			projectRoot = "";
			targets = (
				E23961D72663E60E00BA4833 /* Dokusho (iOS) */,
				E23961DF2663E60E00BA4833 /* Dokusho (macOS) */,
			);
		};
/* End PBXProject section */

/* Begin PBXResourcesBuildPhase section */
		E23961D62663E60E00BA4833 /* Resources */ = {
			isa = PBXResourcesBuildPhase;
			buildActionMask = 2147483647;
			files = (
				E23961EC2663E60E00BA4833 /* Assets.xcassets in Resources */,
			);
			runOnlyForDeploymentPostprocessing = 0;
		};
		E23961DE2663E60E00BA4833 /* Resources */ = {
			isa = PBXResourcesBuildPhase;
			buildActionMask = 2147483647;
			files = (
				E23961ED2663E60E00BA4833 /* Assets.xcassets in Resources */,
			);
			runOnlyForDeploymentPostprocessing = 0;
		};
/* End PBXResourcesBuildPhase section */

/* Begin PBXSourcesBuildPhase section */
		E23961D42663E60E00BA4833 /* Sources */ = {
			isa = PBXSourcesBuildPhase;
			buildActionMask = 2147483647;
			files = (
				E23962082664C23900BA4833 /* ExploreView.swift in Sources */,
				E24EB5F1266FA72D00BEDBF4 /* MangaSource.swift in Sources */,
				E2424E4F268F3E7F00629282 /* String.swift in Sources */,
				E20A03D5268A0A41004CF038 /* MangaAuthor+CD.swift in Sources */,
				E20A03DB268A0BA0004CF038 /* MangaGenre+CD.swift in Sources */,
				E2ABC5D1269253EB00E68D75 /* MangaUnreadCount.swift in Sources */,
				E20A03D7268A0A8C004CF038 /* MangaChapter+CD.swift in Sources */,
				E20A03D0268A0806004CF038 /* Manga+CD.swift in Sources */,
				E2396219266BE7CA00BA4833 /* Logger.swift in Sources */,
				E23961FE2664B27700BA4833 /* MangaSourceService.swift in Sources */,
				E23961E42663E60E00BA4833 /* Dokusho.xcdatamodeld in Sources */,
				E2396215266BCCD800BA4833 /* ExploreSourceView.swift in Sources */,
				E2424E642691C37300629282 /* ChapterListVM.swift in Sources */,
				E2ABC5D426925A9B00E68D75 /* MangaLibraryContextMenu.swift in Sources */,
				E24EB5EC266FA65500BEDBF4 /* Array.swift in Sources */,
				E24EB5EE266FA65900BEDBF4 /* Date.swift in Sources */,
				E20A03C02687531A004CF038 /* ManageCollectionsModal.swift in Sources */,
				E2F3CCC8268741DA001D1124 /* RoundedCorner.swift in Sources */,
				E20A03CA2689D068004CF038 /* SettingsVM.swift in Sources */,
				E2396211266BC38D00BA4833 /* Fixflickering.swift in Sources */,
				E2396222266D4F8600BA4833 /* NavigationLinkLazyView.swift in Sources */,
				E2424E52268F48C100629282 /* MangaCollectionPage.swift in Sources */,
				E239620F266BC2E900BA4833 /* SourceRow.swift in Sources */,
				E23962022664BE4D00BA4833 /* RootView.swift in Sources */,
				E20A03DD268A4956004CF038 /* DataManager.swift in Sources */,
				E2174C0A2681D9F6003573C5 /* LibraryVM.swift in Sources */,
				E23961EA2663E60E00BA4833 /* Persistence.swift in Sources */,
				E2DE87A526780DCE00384FCA /* ReaderView.swift in Sources */,
				E239621C266D206400BA4833 /* ExploreSourceVM.swift in Sources */,
				E23962052664C1EC00BA4833 /* LibraryView.swift in Sources */,
				E239621E266D4DF700BA4833 /* ImageWithTextOver.swift in Sources */,
				E2DE87A1267794E000384FCA /* MangaDetailVM.swift in Sources */,
				E20A03D9268A0B0A004CF038 /* MangaCollection+CD.swift in Sources */,
				E20A03D3268A09E2004CF038 /* MangaAlternatesName+CD.swift in Sources */,
				E24EB5F6266FA75D00BEDBF4 /* Mangasee.swift in Sources */,
				E2174C0C2681DB05003573C5 /* RefreshableImageView.swift in Sources */,
				E20A03BD268752EA004CF038 /* ChapterListRow.swift in Sources */,
				E2DE87AA26781CB600384FCA /* ReaderVM.swift in Sources */,
				E2396225266D4FC100BA4833 /* MangaDetailView.swift in Sources */,
				E2DE87AC2679057700384FCA /* HorizontalReaderView.swift in Sources */,
				E2424E5A2691C18500629282 /* ChapterListView.swift in Sources */,
				E2DE87AE2679E76400384FCA /* VerticalReaderView.swift in Sources */,
				E2DE87A32677B00300384FCA /* FlexibleView.swift in Sources */,
				E23961E62663E60E00BA4833 /* DokushoApp.swift in Sources */,
				E20A03C82689C7C5004CF038 /* SettingsView.swift in Sources */,
			);
			runOnlyForDeploymentPostprocessing = 0;
		};
		E23961DC2663E60E00BA4833 /* Sources */ = {
			isa = PBXSourcesBuildPhase;
			buildActionMask = 2147483647;
			files = (
				E23962092664C23900BA4833 /* ExploreView.swift in Sources */,
				E2424E50268F3E7F00629282 /* String.swift in Sources */,
				E23961FF2664B27700BA4833 /* MangaSourceService.swift in Sources */,
				E2174C072680E03F003573C5 /* HorizontalReaderView.swift in Sources */,
				E2174C062680E03C003573C5 /* FlexibleView.swift in Sources */,
				E24EB5F7266FA75D00BEDBF4 /* Mangasee.swift in Sources */,
				E2174C022680E022003573C5 /* Fixflickering.swift in Sources */,
				E2424E5B2691C18500629282 /* ChapterListView.swift in Sources */,
				E2174C052680E034003573C5 /* ReaderVM.swift in Sources */,
				E239621F266D4DF700BA4833 /* ImageWithTextOver.swift in Sources */,
				E2174BFF2680E01A003573C5 /* Date.swift in Sources */,
				E23961E52663E60E00BA4833 /* Dokusho.xcdatamodeld in Sources */,
				E2424E652691C37300629282 /* ChapterListVM.swift in Sources */,
				E2ABC5D526925A9B00E68D75 /* MangaLibraryContextMenu.swift in Sources */,
				E2174C002680E01C003573C5 /* Array.swift in Sources */,
				E2174C082680E041003573C5 /* VerticalReaderView.swift in Sources */,
				E2ABC5D2269253EB00E68D75 /* MangaUnreadCount.swift in Sources */,
				E2174C042680E031003573C5 /* MangaDetailVM.swift in Sources */,
				E23962032664BE4D00BA4833 /* RootView.swift in Sources */,
				E2174C032680E02E003573C5 /* ExploreSourceVM.swift in Sources */,
				E2396223266D4F8600BA4833 /* NavigationLinkLazyView.swift in Sources */,
				E23962062664C1EC00BA4833 /* LibraryView.swift in Sources */,
				E24EB5F2266FA72D00BEDBF4 /* MangaSource.swift in Sources */,
				E2174C012680E01F003573C5 /* Logger.swift in Sources */,
				E2396226266D4FC100BA4833 /* MangaDetailView.swift in Sources */,
				E23961E72663E60E00BA4833 /* DokushoApp.swift in Sources */,
				E2424E53268F48C100629282 /* MangaCollectionPage.swift in Sources */,
			);
			runOnlyForDeploymentPostprocessing = 0;
		};
/* End PBXSourcesBuildPhase section */

/* Begin XCBuildConfiguration section */
		E23961EE2663E60E00BA4833 /* Debug */ = {
			isa = XCBuildConfiguration;
			buildSettings = {
				ALWAYS_SEARCH_USER_PATHS = NO;
				CLANG_ANALYZER_NONNULL = YES;
				CLANG_ANALYZER_NUMBER_OBJECT_CONVERSION = YES_AGGRESSIVE;
				CLANG_CXX_LANGUAGE_STANDARD = "gnu++14";
				CLANG_CXX_LIBRARY = "libc++";
				CLANG_ENABLE_MODULES = YES;
				CLANG_ENABLE_OBJC_ARC = YES;
				CLANG_ENABLE_OBJC_WEAK = YES;
				CLANG_WARN_BLOCK_CAPTURE_AUTORELEASING = YES;
				CLANG_WARN_BOOL_CONVERSION = YES;
				CLANG_WARN_COMMA = YES;
				CLANG_WARN_CONSTANT_CONVERSION = YES;
				CLANG_WARN_DEPRECATED_OBJC_IMPLEMENTATIONS = YES;
				CLANG_WARN_DIRECT_OBJC_ISA_USAGE = YES_ERROR;
				CLANG_WARN_DOCUMENTATION_COMMENTS = YES;
				CLANG_WARN_EMPTY_BODY = YES;
				CLANG_WARN_ENUM_CONVERSION = YES;
				CLANG_WARN_INFINITE_RECURSION = YES;
				CLANG_WARN_INT_CONVERSION = YES;
				CLANG_WARN_NON_LITERAL_NULL_CONVERSION = YES;
				CLANG_WARN_OBJC_IMPLICIT_RETAIN_SELF = YES;
				CLANG_WARN_OBJC_LITERAL_CONVERSION = YES;
				CLANG_WARN_OBJC_ROOT_CLASS = YES_ERROR;
				CLANG_WARN_QUOTED_INCLUDE_IN_FRAMEWORK_HEADER = YES;
				CLANG_WARN_RANGE_LOOP_ANALYSIS = YES;
				CLANG_WARN_STRICT_PROTOTYPES = YES;
				CLANG_WARN_SUSPICIOUS_MOVE = YES;
				CLANG_WARN_UNGUARDED_AVAILABILITY = YES_AGGRESSIVE;
				CLANG_WARN_UNREACHABLE_CODE = YES;
				CLANG_WARN__DUPLICATE_METHOD_MATCH = YES;
				COPY_PHASE_STRIP = NO;
				DEBUG_INFORMATION_FORMAT = dwarf;
				ENABLE_STRICT_OBJC_MSGSEND = YES;
				ENABLE_TESTABILITY = YES;
				GCC_C_LANGUAGE_STANDARD = gnu11;
				GCC_DYNAMIC_NO_PIC = NO;
				GCC_NO_COMMON_BLOCKS = YES;
				GCC_OPTIMIZATION_LEVEL = 0;
				GCC_PREPROCESSOR_DEFINITIONS = (
					"DEBUG=1",
					"$(inherited)",
				);
				GCC_WARN_64_TO_32_BIT_CONVERSION = YES;
				GCC_WARN_ABOUT_RETURN_TYPE = YES_ERROR;
				GCC_WARN_UNDECLARED_SELECTOR = YES;
				GCC_WARN_UNINITIALIZED_AUTOS = YES_AGGRESSIVE;
				GCC_WARN_UNUSED_FUNCTION = YES;
				GCC_WARN_UNUSED_VARIABLE = YES;
				MTL_ENABLE_DEBUG_INFO = INCLUDE_SOURCE;
				MTL_FAST_MATH = YES;
				ONLY_ACTIVE_ARCH = YES;
				SWIFT_ACTIVE_COMPILATION_CONDITIONS = DEBUG;
				SWIFT_OPTIMIZATION_LEVEL = "-Onone";
			};
			name = Debug;
		};
		E23961EF2663E60E00BA4833 /* Release */ = {
			isa = XCBuildConfiguration;
			buildSettings = {
				ALWAYS_SEARCH_USER_PATHS = NO;
				CLANG_ANALYZER_NONNULL = YES;
				CLANG_ANALYZER_NUMBER_OBJECT_CONVERSION = YES_AGGRESSIVE;
				CLANG_CXX_LANGUAGE_STANDARD = "gnu++14";
				CLANG_CXX_LIBRARY = "libc++";
				CLANG_ENABLE_MODULES = YES;
				CLANG_ENABLE_OBJC_ARC = YES;
				CLANG_ENABLE_OBJC_WEAK = YES;
				CLANG_WARN_BLOCK_CAPTURE_AUTORELEASING = YES;
				CLANG_WARN_BOOL_CONVERSION = YES;
				CLANG_WARN_COMMA = YES;
				CLANG_WARN_CONSTANT_CONVERSION = YES;
				CLANG_WARN_DEPRECATED_OBJC_IMPLEMENTATIONS = YES;
				CLANG_WARN_DIRECT_OBJC_ISA_USAGE = YES_ERROR;
				CLANG_WARN_DOCUMENTATION_COMMENTS = YES;
				CLANG_WARN_EMPTY_BODY = YES;
				CLANG_WARN_ENUM_CONVERSION = YES;
				CLANG_WARN_INFINITE_RECURSION = YES;
				CLANG_WARN_INT_CONVERSION = YES;
				CLANG_WARN_NON_LITERAL_NULL_CONVERSION = YES;
				CLANG_WARN_OBJC_IMPLICIT_RETAIN_SELF = YES;
				CLANG_WARN_OBJC_LITERAL_CONVERSION = YES;
				CLANG_WARN_OBJC_ROOT_CLASS = YES_ERROR;
				CLANG_WARN_QUOTED_INCLUDE_IN_FRAMEWORK_HEADER = YES;
				CLANG_WARN_RANGE_LOOP_ANALYSIS = YES;
				CLANG_WARN_STRICT_PROTOTYPES = YES;
				CLANG_WARN_SUSPICIOUS_MOVE = YES;
				CLANG_WARN_UNGUARDED_AVAILABILITY = YES_AGGRESSIVE;
				CLANG_WARN_UNREACHABLE_CODE = YES;
				CLANG_WARN__DUPLICATE_METHOD_MATCH = YES;
				COPY_PHASE_STRIP = NO;
				DEBUG_INFORMATION_FORMAT = "dwarf-with-dsym";
				ENABLE_NS_ASSERTIONS = NO;
				ENABLE_STRICT_OBJC_MSGSEND = YES;
				GCC_C_LANGUAGE_STANDARD = gnu11;
				GCC_NO_COMMON_BLOCKS = YES;
				GCC_WARN_64_TO_32_BIT_CONVERSION = YES;
				GCC_WARN_ABOUT_RETURN_TYPE = YES_ERROR;
				GCC_WARN_UNDECLARED_SELECTOR = YES;
				GCC_WARN_UNINITIALIZED_AUTOS = YES_AGGRESSIVE;
				GCC_WARN_UNUSED_FUNCTION = YES;
				GCC_WARN_UNUSED_VARIABLE = YES;
				MTL_ENABLE_DEBUG_INFO = NO;
				MTL_FAST_MATH = YES;
				SWIFT_COMPILATION_MODE = wholemodule;
				SWIFT_OPTIMIZATION_LEVEL = "-O";
			};
			name = Release;
		};
		E23961F12663E60E00BA4833 /* Debug */ = {
			isa = XCBuildConfiguration;
			buildSettings = {
				ASSETCATALOG_COMPILER_APPICON_NAME = AppIcon;
				ASSETCATALOG_COMPILER_GLOBAL_ACCENT_COLOR_NAME = AccentColor;
				CODE_SIGN_ENTITLEMENTS = Dokusho.entitlements;
				CODE_SIGN_STYLE = Automatic;
				DEVELOPMENT_TEAM = 27U585A9E3;
				ENABLE_PREVIEWS = YES;
				INFOPLIST_FILE = iOS/Info.plist;
				IPHONEOS_DEPLOYMENT_TARGET = 15.0;
				LD_RUNPATH_SEARCH_PATHS = (
					"$(inherited)",
					"@executable_path/Frameworks",
				);
				PRODUCT_BUNDLE_IDENTIFIER = tech.azsiaz.Dokusho;
				PRODUCT_NAME = Dokusho;
				SDKROOT = iphoneos;
				SUPPORTS_MACCATALYST = NO;
				SWIFT_VERSION = 5.0;
				TARGETED_DEVICE_FAMILY = "1,2";
			};
			name = Debug;
		};
		E23961F22663E60E00BA4833 /* Release */ = {
			isa = XCBuildConfiguration;
			buildSettings = {
				ASSETCATALOG_COMPILER_APPICON_NAME = AppIcon;
				ASSETCATALOG_COMPILER_GLOBAL_ACCENT_COLOR_NAME = AccentColor;
				CODE_SIGN_ENTITLEMENTS = Dokusho.entitlements;
				CODE_SIGN_STYLE = Automatic;
				DEVELOPMENT_TEAM = 27U585A9E3;
				ENABLE_PREVIEWS = YES;
				INFOPLIST_FILE = iOS/Info.plist;
				IPHONEOS_DEPLOYMENT_TARGET = 15.0;
				LD_RUNPATH_SEARCH_PATHS = (
					"$(inherited)",
					"@executable_path/Frameworks",
				);
				PRODUCT_BUNDLE_IDENTIFIER = tech.azsiaz.Dokusho;
				PRODUCT_NAME = Dokusho;
				SDKROOT = iphoneos;
				SUPPORTS_MACCATALYST = NO;
				SWIFT_VERSION = 5.0;
				TARGETED_DEVICE_FAMILY = "1,2";
				VALIDATE_PRODUCT = YES;
			};
			name = Release;
		};
		E23961F42663E60E00BA4833 /* Debug */ = {
			isa = XCBuildConfiguration;
			buildSettings = {
				ASSETCATALOG_COMPILER_APPICON_NAME = AppIcon;
				ASSETCATALOG_COMPILER_GLOBAL_ACCENT_COLOR_NAME = AccentColor;
				CODE_SIGN_ENTITLEMENTS = macOS/macOS.entitlements;
				CODE_SIGN_IDENTITY = "Apple Development";
				CODE_SIGN_STYLE = Automatic;
				COMBINE_HIDPI_IMAGES = YES;
				DEVELOPMENT_TEAM = 27U585A9E3;
				ENABLE_HARDENED_RUNTIME = YES;
				ENABLE_PREVIEWS = YES;
				INFOPLIST_FILE = macOS/Info.plist;
				LD_RUNPATH_SEARCH_PATHS = (
					"$(inherited)",
					"@executable_path/../Frameworks",
				);
				MACOSX_DEPLOYMENT_TARGET = 12.0;
				PRODUCT_BUNDLE_IDENTIFIER = tech.azsiaz.Dokusho;
				PRODUCT_NAME = Dokusho;
				SDKROOT = macosx;
				SWIFT_VERSION = 5.0;
			};
			name = Debug;
		};
		E23961F52663E60E00BA4833 /* Release */ = {
			isa = XCBuildConfiguration;
			buildSettings = {
				ASSETCATALOG_COMPILER_APPICON_NAME = AppIcon;
				ASSETCATALOG_COMPILER_GLOBAL_ACCENT_COLOR_NAME = AccentColor;
				CODE_SIGN_ENTITLEMENTS = macOS/macOS.entitlements;
				CODE_SIGN_IDENTITY = "Apple Development";
				CODE_SIGN_STYLE = Automatic;
				COMBINE_HIDPI_IMAGES = YES;
				DEVELOPMENT_TEAM = 27U585A9E3;
				ENABLE_HARDENED_RUNTIME = YES;
				ENABLE_PREVIEWS = YES;
				INFOPLIST_FILE = macOS/Info.plist;
				LD_RUNPATH_SEARCH_PATHS = (
					"$(inherited)",
					"@executable_path/../Frameworks",
				);
				MACOSX_DEPLOYMENT_TARGET = 12.0;
				PRODUCT_BUNDLE_IDENTIFIER = tech.azsiaz.Dokusho;
				PRODUCT_NAME = Dokusho;
				SDKROOT = macosx;
				SWIFT_VERSION = 5.0;
			};
			name = Release;
		};
/* End XCBuildConfiguration section */

/* Begin XCConfigurationList section */
		E23961CC2663E60C00BA4833 /* Build configuration list for PBXProject "Dokusho" */ = {
			isa = XCConfigurationList;
			buildConfigurations = (
				E23961EE2663E60E00BA4833 /* Debug */,
				E23961EF2663E60E00BA4833 /* Release */,
			);
			defaultConfigurationIsVisible = 0;
			defaultConfigurationName = Release;
		};
		E23961F02663E60E00BA4833 /* Build configuration list for PBXNativeTarget "Dokusho (iOS)" */ = {
			isa = XCConfigurationList;
			buildConfigurations = (
				E23961F12663E60E00BA4833 /* Debug */,
				E23961F22663E60E00BA4833 /* Release */,
			);
			defaultConfigurationIsVisible = 0;
			defaultConfigurationName = Release;
		};
		E23961F32663E60E00BA4833 /* Build configuration list for PBXNativeTarget "Dokusho (macOS)" */ = {
			isa = XCConfigurationList;
			buildConfigurations = (
				E23961F42663E60E00BA4833 /* Debug */,
				E23961F52663E60E00BA4833 /* Release */,
			);
			defaultConfigurationIsVisible = 0;
			defaultConfigurationName = Release;
		};
/* End XCConfigurationList section */

/* Begin XCRemoteSwiftPackageReference section */
		E20A03C42689C79B004CF038 /* XCRemoteSwiftPackageReference "Disk" */ = {
			isa = XCRemoteSwiftPackageReference;
			repositoryURL = "https://github.com/saoudrizwan/Disk";
			requirement = {
				kind = upToNextMajorVersion;
				minimumVersion = 0.6.4;
			};
		};
		E22B2DD7267FBB24000E5379 /* XCRemoteSwiftPackageReference "iPages" */ = {
			isa = XCRemoteSwiftPackageReference;
			repositoryURL = "https://github.com/benjaminsage/iPages.git";
			requirement = {
				kind = upToNextMajorVersion;
				minimumVersion = 0.0.9;
			};
		};
		E239620A266BBCAD00BA4833 /* XCRemoteSwiftPackageReference "NukeUI" */ = {
			isa = XCRemoteSwiftPackageReference;
			repositoryURL = "https://github.com/kean/NukeUI";
			requirement = {
				kind = upToNextMajorVersion;
				minimumVersion = 0.6.1;
			};
		};
		E253BBF3266FABEF00A3368C /* XCRemoteSwiftPackageReference "SwiftyJSON" */ = {
			isa = XCRemoteSwiftPackageReference;
			repositoryURL = "https://github.com/SwiftyJSON/SwiftyJSON.git";
			requirement = {
				kind = upToNextMajorVersion;
				minimumVersion = 5.0.1;
			};
		};
		E253BBF6266FAC0300A3368C /* XCRemoteSwiftPackageReference "Alamofire" */ = {
			isa = XCRemoteSwiftPackageReference;
			repositoryURL = "https://github.com/Alamofire/Alamofire.git";
			requirement = {
				kind = upToNextMajorVersion;
				minimumVersion = 5.4.3;
			};
		};
		E253BBF9266FAC2400A3368C /* XCRemoteSwiftPackageReference "SwiftSoup" */ = {
			isa = XCRemoteSwiftPackageReference;
			repositoryURL = "https://github.com/scinfu/SwiftSoup.git";
			requirement = {
				kind = upToNextMajorVersion;
				minimumVersion = 2.3.2;
			};
		};
/* End XCRemoteSwiftPackageReference section */

/* Begin XCSwiftPackageProductDependency section */
		E20A03C52689C79B004CF038 /* Disk */ = {
			isa = XCSwiftPackageProductDependency;
			package = E20A03C42689C79B004CF038 /* XCRemoteSwiftPackageReference "Disk" */;
			productName = Disk;
		};
		E22B2DD8267FBB24000E5379 /* iPages */ = {
			isa = XCSwiftPackageProductDependency;
			package = E22B2DD7267FBB24000E5379 /* XCRemoteSwiftPackageReference "iPages" */;
			productName = iPages;
		};
		E239620B266BBCAD00BA4833 /* NukeUI */ = {
			isa = XCSwiftPackageProductDependency;
			package = E239620A266BBCAD00BA4833 /* XCRemoteSwiftPackageReference "NukeUI" */;
			productName = NukeUI;
		};
		E253BBF4266FABEF00A3368C /* SwiftyJSON */ = {
			isa = XCSwiftPackageProductDependency;
			package = E253BBF3266FABEF00A3368C /* XCRemoteSwiftPackageReference "SwiftyJSON" */;
			productName = SwiftyJSON;
		};
		E253BBF7266FAC0300A3368C /* Alamofire */ = {
			isa = XCSwiftPackageProductDependency;
			package = E253BBF6266FAC0300A3368C /* XCRemoteSwiftPackageReference "Alamofire" */;
			productName = Alamofire;
		};
		E253BBFA266FAC2400A3368C /* SwiftSoup */ = {
			isa = XCSwiftPackageProductDependency;
			package = E253BBF9266FAC2400A3368C /* XCRemoteSwiftPackageReference "SwiftSoup" */;
			productName = SwiftSoup;
		};
/* End XCSwiftPackageProductDependency section */

/* Begin XCVersionGroup section */
		E23961CE2663E60D00BA4833 /* Dokusho.xcdatamodeld */ = {
			isa = XCVersionGroup;
			children = (
				E23961CF2663E60D00BA4833 /* Shared.xcdatamodel */,
			);
			currentVersion = E23961CF2663E60D00BA4833 /* Shared.xcdatamodel */;
			path = Dokusho.xcdatamodeld;
			sourceTree = "<group>";
			versionGroupType = wrapper.xcdatamodel;
		};
/* End XCVersionGroup section */
	};
	rootObject = E23961C92663E60C00BA4833 /* Project object */;
}
